// !$*UTF8*$!
{
	archiveVersion = 1;
	classes = {
	};
	objectVersion = 56;
	objects = {

/* Begin PBXBuildFile section */
		883B54452C8DD547007DB1E8 /* BrightroomEngine in Frameworks */ = {isa = PBXBuildFile; productRef = 883B54442C8DD547007DB1E8 /* BrightroomEngine */; };
		883B54472C8DD547007DB1E8 /* BrightroomUI in Frameworks */ = {isa = PBXBuildFile; productRef = 883B54462C8DD547007DB1E8 /* BrightroomUI */; };
		883B54492C8DD5B8007DB1E8 /* CropView.swift in Sources */ = {isa = PBXBuildFile; fileRef = 883B54482C8DD5B8007DB1E8 /* CropView.swift */; };
		883FCB2E2C90815F0001DAAF /* SwiftDataModelContainer.swift in Sources */ = {isa = PBXBuildFile; fileRef = 883FCB2D2C90815F0001DAAF /* SwiftDataModelContainer.swift */; };
		883FCB302C946FE20001DAAF /* Scraper+ZOZO.swift in Sources */ = {isa = PBXBuildFile; fileRef = 883FCB2F2C946FE20001DAAF /* Scraper+ZOZO.swift */; };
		883FCB322C9489780001DAAF /* KeyChainHelper.swift in Sources */ = {isa = PBXBuildFile; fileRef = 883FCB312C9489780001DAAF /* KeyChainHelper.swift */; };
		883FCB352C966F280001DAAF /* Scraper+GU.swift in Sources */ = {isa = PBXBuildFile; fileRef = 883FCB342C966F280001DAAF /* Scraper+GU.swift */; };
		883FCB372C9671870001DAAF /* String+matches.swift in Sources */ = {isa = PBXBuildFile; fileRef = 883FCB362C9671870001DAAF /* String+matches.swift */; };
		883FCB392C9674060001DAAF /* Sequence+unique.swift in Sources */ = {isa = PBXBuildFile; fileRef = 883FCB382C9674060001DAAF /* Sequence+unique.swift */; };
		883FCB3B2C970AA50001DAAF /* Scraper+Uniqlo.swift in Sources */ = {isa = PBXBuildFile; fileRef = 883FCB3A2C970AA50001DAAF /* Scraper+Uniqlo.swift */; };
		883FCB3D2C986B060001DAAF /* SearchBar.swift in Sources */ = {isa = PBXBuildFile; fileRef = 883FCB3C2C986B060001DAAF /* SearchBar.swift */; };
		883FCB3F2C99BB560001DAAF /* Color+gray.swift in Sources */ = {isa = PBXBuildFile; fileRef = 883FCB3E2C99BB560001DAAF /* Color+gray.swift */; };
		884CF6562C7F670200250026 /* LocalStorage.swift in Sources */ = {isa = PBXBuildFile; fileRef = 884CF6552C7F670200250026 /* LocalStorage.swift */; };
		884CF65E2C82018400250026 /* RoundRectangleButton.swift in Sources */ = {isa = PBXBuildFile; fileRef = 884CF65D2C82018400250026 /* RoundRectangleButton.swift */; };
		884CF66C2C8201F900250026 /* MasonryGrid.swift in Sources */ = {isa = PBXBuildFile; fileRef = 884CF6602C8201F800250026 /* MasonryGrid.swift */; };
		884CF6702C8201F900250026 /* AddButton.swift in Sources */ = {isa = PBXBuildFile; fileRef = 884CF6642C8201F900250026 /* AddButton.swift */; };
		884CF6762C8201F900250026 /* AspectRatioContainer.swift in Sources */ = {isa = PBXBuildFile; fileRef = 884CF66A2C8201F900250026 /* AspectRatioContainer.swift */; };
		886064112C906B45003C7001 /* SwiftDataOutfitDataSource.swift in Sources */ = {isa = PBXBuildFile; fileRef = 886064102C906B45003C7001 /* SwiftDataOutfitDataSource.swift */; };
		886064132C90790D003C7001 /* Sequence+compactMapWithErrorLog.swift in Sources */ = {isa = PBXBuildFile; fileRef = 886064122C90790D003C7001 /* Sequence+compactMapWithErrorLog.swift */; };
		886232102C7CBDD900A1802D /* OOTDApp.swift in Sources */ = {isa = PBXBuildFile; fileRef = 8862320F2C7CBDD900A1802D /* OOTDApp.swift */; };
		886232142C7CBDDA00A1802D /* Assets.xcassets in Resources */ = {isa = PBXBuildFile; fileRef = 886232132C7CBDDA00A1802D /* Assets.xcassets */; };
		886232172C7CBDDA00A1802D /* Preview Assets.xcassets in Resources */ = {isa = PBXBuildFile; fileRef = 886232162C7CBDDA00A1802D /* Preview Assets.xcassets */; };
		886232212C7CBDDA00A1802D /* OOTDTests.swift in Sources */ = {isa = PBXBuildFile; fileRef = 886232202C7CBDDA00A1802D /* OOTDTests.swift */; };
		8862322B2C7CBDDA00A1802D /* OOTDUITests.swift in Sources */ = {isa = PBXBuildFile; fileRef = 8862322A2C7CBDDA00A1802D /* OOTDUITests.swift */; };
		8862322D2C7CBDDA00A1802D /* OOTDUITestsLaunchTests.swift in Sources */ = {isa = PBXBuildFile; fileRef = 8862322C2C7CBDDA00A1802D /* OOTDUITestsLaunchTests.swift */; };
		886232402C7CC08600A1802D /* ItemGrid.swift in Sources */ = {isa = PBXBuildFile; fileRef = 8862323F2C7CC08600A1802D /* ItemGrid.swift */; };
		886232432C7CC0E900A1802D /* HashableView.swift in Sources */ = {isa = PBXBuildFile; fileRef = 886232422C7CC0E900A1802D /* HashableView.swift */; };
		886232462C7CC11700A1802D /* Logger.swift in Sources */ = {isa = PBXBuildFile; fileRef = 886232452C7CC11700A1802D /* Logger.swift */; };
		886232492C7CC14300A1802D /* Item.swift in Sources */ = {isa = PBXBuildFile; fileRef = 886232482C7CC14300A1802D /* Item.swift */; };
		8862324D2C7CC23100A1802D /* SampleItemDataSource.swift in Sources */ = {isa = PBXBuildFile; fileRef = 8862324A2C7CC23000A1802D /* SampleItemDataSource.swift */; };
		8862324E2C7CC23100A1802D /* ItemDataSource.swift in Sources */ = {isa = PBXBuildFile; fileRef = 8862324B2C7CC23000A1802D /* ItemDataSource.swift */; };
		886232532C7CC2A700A1802D /* ItemStore.swift in Sources */ = {isa = PBXBuildFile; fileRef = 886232512C7CC2A700A1802D /* ItemStore.swift */; };
		886232572C7CC2EE00A1802D /* OutfitStore.swift in Sources */ = {isa = PBXBuildFile; fileRef = 886232552C7CC2EE00A1802D /* OutfitStore.swift */; };
		8862325D2C7CC2FF00A1802D /* OutfitDataSource.swift in Sources */ = {isa = PBXBuildFile; fileRef = 886232592C7CC2FF00A1802D /* OutfitDataSource.swift */; };
		8862325E2C7CC2FF00A1802D /* SampleOutfitDataSource.swift in Sources */ = {isa = PBXBuildFile; fileRef = 8862325A2C7CC2FF00A1802D /* SampleOutfitDataSource.swift */; };
		886232632C7CC32900A1802D /* Outfit.swift in Sources */ = {isa = PBXBuildFile; fileRef = 8862325F2C7CC32900A1802D /* Outfit.swift */; };
		886232642C7CC32900A1802D /* ItemFilter.swift in Sources */ = {isa = PBXBuildFile; fileRef = 886232602C7CC32900A1802D /* ItemFilter.swift */; };
		886232652C7CC32900A1802D /* Category.swift in Sources */ = {isa = PBXBuildFile; fileRef = 886232612C7CC32900A1802D /* Category.swift */; };
		886232662C7CC32900A1802D /* OutfitCondition.swift in Sources */ = {isa = PBXBuildFile; fileRef = 886232622C7CC32900A1802D /* OutfitCondition.swift */; };
		886232682C7CC4C600A1802D /* Config.swift in Sources */ = {isa = PBXBuildFile; fileRef = 886232672C7CC4C600A1802D /* Config.swift */; };
		8862326A2C7CC4D600A1802D /* DataSourceType.swift in Sources */ = {isa = PBXBuildFile; fileRef = 886232692C7CC4D600A1802D /* DataSourceType.swift */; };
		8862326C2C7CC53C00A1802D /* DependencyInjector.swift in Sources */ = {isa = PBXBuildFile; fileRef = 8862326B2C7CC53C00A1802D /* DependencyInjector.swift */; };
		886232722C7CC65200A1802D /* ItemDetail.swift in Sources */ = {isa = PBXBuildFile; fileRef = 886232712C7CC65200A1802D /* ItemDetail.swift */; };
		886232772C7CC6CD00A1802D /* CachedAsyncImage in Frameworks */ = {isa = PBXBuildFile; productRef = 886232762C7CC6CD00A1802D /* CachedAsyncImage */; };
		886232792C7CC6EC00A1802D /* downloadImage.swift in Sources */ = {isa = PBXBuildFile; fileRef = 886232782C7CC6EC00A1802D /* downloadImage.swift */; };
		886232882C7CC71F00A1802D /* ImagePicker.swift in Sources */ = {isa = PBXBuildFile; fileRef = 8862327A2C7CC71E00A1802D /* ImagePicker.swift */; };
		886232892C7CC71F00A1802D /* SelectedItemsGrid.swift in Sources */ = {isa = PBXBuildFile; fileRef = 8862327B2C7CC71E00A1802D /* SelectedItemsGrid.swift */; };
		8862328A2C7CC71F00A1802D /* ImageCard.swift in Sources */ = {isa = PBXBuildFile; fileRef = 8862327C2C7CC71E00A1802D /* ImageCard.swift */; };
		8862328B2C7CC71F00A1802D /* OutfitCard.swift in Sources */ = {isa = PBXBuildFile; fileRef = 8862327D2C7CC71E00A1802D /* OutfitCard.swift */; };
		886232912C7CC71F00A1802D /* OutfitsRow.swift in Sources */ = {isa = PBXBuildFile; fileRef = 886232832C7CC71F00A1802D /* OutfitsRow.swift */; };
		886232932C7CC71F00A1802D /* WrappedLayout.swift in Sources */ = {isa = PBXBuildFile; fileRef = 886232852C7CC71F00A1802D /* WrappedLayout.swift */; };
		886232982C7CC78B00A1802D /* ItemDeleteConfirmOutfitsSheet.swift in Sources */ = {isa = PBXBuildFile; fileRef = 886232972C7CC78B00A1802D /* ItemDeleteConfirmOutfitsSheet.swift */; };
		8862329A2C7CC7A900A1802D /* CategorySelectSheet.swift in Sources */ = {isa = PBXBuildFile; fileRef = 886232992C7CC7A900A1802D /* CategorySelectSheet.swift */; };
		886232A32C7CC7D100A1802D /* Array+asyncMap.swift in Sources */ = {isa = PBXBuildFile; fileRef = 8862329B2C7CC7D100A1802D /* Array+asyncMap.swift */; };
		886232A42C7CC7D100A1802D /* Color+textColorBasedOnBrightness.swift in Sources */ = {isa = PBXBuildFile; fileRef = 8862329C2C7CC7D100A1802D /* Color+textColorBasedOnBrightness.swift */; };
		886232A52C7CC7D100A1802D /* String+errorDescription.swift in Sources */ = {isa = PBXBuildFile; fileRef = 8862329D2C7CC7D100A1802D /* String+errorDescription.swift */; };
		886232A62C7CC7D100A1802D /* UIImage+resized.swift in Sources */ = {isa = PBXBuildFile; fileRef = 8862329E2C7CC7D100A1802D /* UIImage+resized.swift */; };
		886232A72C7CC7D100A1802D /* View+functionalModifier.swift in Sources */ = {isa = PBXBuildFile; fileRef = 8862329F2C7CC7D100A1802D /* View+functionalModifier.swift */; };
		886232A82C7CC7D100A1802D /* View+if.swift in Sources */ = {isa = PBXBuildFile; fileRef = 886232A02C7CC7D100A1802D /* View+if.swift */; };
		886232AD2C7CC9F500A1802D /* RootView.swift in Sources */ = {isa = PBXBuildFile; fileRef = 886232AC2C7CC9F500A1802D /* RootView.swift */; };
		886232B22C7CCA7800A1802D /* OutfitDetail.swift in Sources */ = {isa = PBXBuildFile; fileRef = 886232AE2C7CCA7800A1802D /* OutfitDetail.swift */; };
		886232B32C7CCA7800A1802D /* OutfitGrid.swift in Sources */ = {isa = PBXBuildFile; fileRef = 886232AF2C7CCA7800A1802D /* OutfitGrid.swift */; };
		886232B42C7CCA7800A1802D /* OutfitConditionDetail.swift in Sources */ = {isa = PBXBuildFile; fileRef = 886232B02C7CCA7800A1802D /* OutfitConditionDetail.swift */; };
		886232B52C7CCA7800A1802D /* UserInfoScreen.swift in Sources */ = {isa = PBXBuildFile; fileRef = 886232B12C7CCA7800A1802D /* UserInfoScreen.swift */; };
		886232B92C7CCB5000A1802D /* ItemCard.swift in Sources */ = {isa = PBXBuildFile; fileRef = 886232B82C7CCB5000A1802D /* ItemCard.swift */; };
		886232BD2C7CCC9100A1802D /* NavigationManager.swift in Sources */ = {isa = PBXBuildFile; fileRef = 886232BC2C7CCC9100A1802D /* NavigationManager.swift */; };
		88B2BCE92C7E0E89008F45B7 /* SwiftDataItemDataSource.swift in Sources */ = {isa = PBXBuildFile; fileRef = 88B2BCE82C7E0E89008F45B7 /* SwiftDataItemDataSource.swift */; };
		88CD55942C8745C700A9B78A /* ItemAddSelectWebSiteScreen.swift in Sources */ = {isa = PBXBuildFile; fileRef = 88CD55932C8745C700A9B78A /* ItemAddSelectWebSiteScreen.swift */; };
		88CD559D2C8749E800A9B78A /* WebViewManager.swift in Sources */ = {isa = PBXBuildFile; fileRef = 88CD55972C8749E800A9B78A /* WebViewManager.swift */; };
		88CD559F2C8749E800A9B78A /* CustomWebView.swift in Sources */ = {isa = PBXBuildFile; fileRef = 88CD55992C8749E800A9B78A /* CustomWebView.swift */; };
		88CD55A02C8749E800A9B78A /* WKWebView+.swift in Sources */ = {isa = PBXBuildFile; fileRef = 88CD559A2C8749E800A9B78A /* WKWebView+.swift */; };
		88CD55A22C874E9800A9B78A /* SelectWebImageScreen.swift in Sources */ = {isa = PBXBuildFile; fileRef = 88CD55A12C874E9800A9B78A /* SelectWebImageScreen.swift */; };
		88CD55A42C8755CD00A9B78A /* Scraper.swift in Sources */ = {isa = PBXBuildFile; fileRef = 88CD55A32C8755CD00A9B78A /* Scraper.swift */; };
		88CD55A72C8755E700A9B78A /* SwiftSoup in Frameworks */ = {isa = PBXBuildFile; productRef = 88CD55A62C8755E700A9B78A /* SwiftSoup */; };
/* End PBXBuildFile section */

/* Begin PBXContainerItemProxy section */
		8862321D2C7CBDDA00A1802D /* PBXContainerItemProxy */ = {
			isa = PBXContainerItemProxy;
			containerPortal = 886232042C7CBDD900A1802D /* Project object */;
			proxyType = 1;
			remoteGlobalIDString = 8862320B2C7CBDD900A1802D;
			remoteInfo = OOTD;
		};
		886232272C7CBDDA00A1802D /* PBXContainerItemProxy */ = {
			isa = PBXContainerItemProxy;
			containerPortal = 886232042C7CBDD900A1802D /* Project object */;
			proxyType = 1;
			remoteGlobalIDString = 8862320B2C7CBDD900A1802D;
			remoteInfo = OOTD;
		};
/* End PBXContainerItemProxy section */

/* Begin PBXFileReference section */
		883B54482C8DD5B8007DB1E8 /* CropView.swift */ = {isa = PBXFileReference; lastKnownFileType = sourcecode.swift; path = CropView.swift; sourceTree = "<group>"; };
		883FCB2D2C90815F0001DAAF /* SwiftDataModelContainer.swift */ = {isa = PBXFileReference; lastKnownFileType = sourcecode.swift; path = SwiftDataModelContainer.swift; sourceTree = "<group>"; };
		883FCB2F2C946FE20001DAAF /* Scraper+ZOZO.swift */ = {isa = PBXFileReference; lastKnownFileType = sourcecode.swift; path = "Scraper+ZOZO.swift"; sourceTree = "<group>"; };
		883FCB312C9489780001DAAF /* KeyChainHelper.swift */ = {isa = PBXFileReference; lastKnownFileType = sourcecode.swift; path = KeyChainHelper.swift; sourceTree = "<group>"; };
		883FCB342C966F280001DAAF /* Scraper+GU.swift */ = {isa = PBXFileReference; lastKnownFileType = sourcecode.swift; path = "Scraper+GU.swift"; sourceTree = "<group>"; };
		883FCB362C9671870001DAAF /* String+matches.swift */ = {isa = PBXFileReference; lastKnownFileType = sourcecode.swift; path = "String+matches.swift"; sourceTree = "<group>"; };
		883FCB382C9674060001DAAF /* Sequence+unique.swift */ = {isa = PBXFileReference; lastKnownFileType = sourcecode.swift; path = "Sequence+unique.swift"; sourceTree = "<group>"; };
		883FCB3A2C970AA50001DAAF /* Scraper+Uniqlo.swift */ = {isa = PBXFileReference; lastKnownFileType = sourcecode.swift; path = "Scraper+Uniqlo.swift"; sourceTree = "<group>"; };
		883FCB3C2C986B060001DAAF /* SearchBar.swift */ = {isa = PBXFileReference; lastKnownFileType = sourcecode.swift; path = SearchBar.swift; sourceTree = "<group>"; };
		883FCB3E2C99BB560001DAAF /* Color+gray.swift */ = {isa = PBXFileReference; lastKnownFileType = sourcecode.swift; path = "Color+gray.swift"; sourceTree = "<group>"; };
		884CF6522C7F597600250026 /* sample.xcconfig */ = {isa = PBXFileReference; lastKnownFileType = text.xcconfig; path = sample.xcconfig; sourceTree = "<group>"; };
		884CF6532C7F599300250026 /* swiftData.xcconfig */ = {isa = PBXFileReference; lastKnownFileType = text.xcconfig; path = swiftData.xcconfig; sourceTree = "<group>"; };
		884CF6542C7F5F1800250026 /* Info.plist */ = {isa = PBXFileReference; lastKnownFileType = text.plist; path = Info.plist; sourceTree = "<group>"; };
		884CF6552C7F670200250026 /* LocalStorage.swift */ = {isa = PBXFileReference; lastKnownFileType = sourcecode.swift; path = LocalStorage.swift; sourceTree = "<group>"; };
		884CF65D2C82018400250026 /* RoundRectangleButton.swift */ = {isa = PBXFileReference; fileEncoding = 4; lastKnownFileType = sourcecode.swift; path = RoundRectangleButton.swift; sourceTree = "<group>"; };
		884CF6602C8201F800250026 /* MasonryGrid.swift */ = {isa = PBXFileReference; fileEncoding = 4; lastKnownFileType = sourcecode.swift; path = MasonryGrid.swift; sourceTree = "<group>"; };
		884CF6642C8201F900250026 /* AddButton.swift */ = {isa = PBXFileReference; fileEncoding = 4; lastKnownFileType = sourcecode.swift; path = AddButton.swift; sourceTree = "<group>"; };
		884CF66A2C8201F900250026 /* AspectRatioContainer.swift */ = {isa = PBXFileReference; fileEncoding = 4; lastKnownFileType = sourcecode.swift; path = AspectRatioContainer.swift; sourceTree = "<group>"; };
		886064102C906B45003C7001 /* SwiftDataOutfitDataSource.swift */ = {isa = PBXFileReference; lastKnownFileType = sourcecode.swift; path = SwiftDataOutfitDataSource.swift; sourceTree = "<group>"; };
		886064122C90790D003C7001 /* Sequence+compactMapWithErrorLog.swift */ = {isa = PBXFileReference; lastKnownFileType = sourcecode.swift; path = "Sequence+compactMapWithErrorLog.swift"; sourceTree = "<group>"; };
		8862320C2C7CBDD900A1802D /* OOTD.app */ = {isa = PBXFileReference; explicitFileType = wrapper.application; includeInIndex = 0; path = OOTD.app; sourceTree = BUILT_PRODUCTS_DIR; };
		8862320F2C7CBDD900A1802D /* OOTDApp.swift */ = {isa = PBXFileReference; lastKnownFileType = sourcecode.swift; path = OOTDApp.swift; sourceTree = "<group>"; };
		886232132C7CBDDA00A1802D /* Assets.xcassets */ = {isa = PBXFileReference; lastKnownFileType = folder.assetcatalog; path = Assets.xcassets; sourceTree = "<group>"; };
		886232162C7CBDDA00A1802D /* Preview Assets.xcassets */ = {isa = PBXFileReference; lastKnownFileType = folder.assetcatalog; path = "Preview Assets.xcassets"; sourceTree = "<group>"; };
		8862321C2C7CBDDA00A1802D /* OOTDTests.xctest */ = {isa = PBXFileReference; explicitFileType = wrapper.cfbundle; includeInIndex = 0; path = OOTDTests.xctest; sourceTree = BUILT_PRODUCTS_DIR; };
		886232202C7CBDDA00A1802D /* OOTDTests.swift */ = {isa = PBXFileReference; lastKnownFileType = sourcecode.swift; path = OOTDTests.swift; sourceTree = "<group>"; };
		886232262C7CBDDA00A1802D /* OOTDUITests.xctest */ = {isa = PBXFileReference; explicitFileType = wrapper.cfbundle; includeInIndex = 0; path = OOTDUITests.xctest; sourceTree = BUILT_PRODUCTS_DIR; };
		8862322A2C7CBDDA00A1802D /* OOTDUITests.swift */ = {isa = PBXFileReference; lastKnownFileType = sourcecode.swift; path = OOTDUITests.swift; sourceTree = "<group>"; };
		8862322C2C7CBDDA00A1802D /* OOTDUITestsLaunchTests.swift */ = {isa = PBXFileReference; lastKnownFileType = sourcecode.swift; path = OOTDUITestsLaunchTests.swift; sourceTree = "<group>"; };
		8862323F2C7CC08600A1802D /* ItemGrid.swift */ = {isa = PBXFileReference; lastKnownFileType = sourcecode.swift; path = ItemGrid.swift; sourceTree = "<group>"; };
		886232422C7CC0E900A1802D /* HashableView.swift */ = {isa = PBXFileReference; lastKnownFileType = sourcecode.swift; path = HashableView.swift; sourceTree = "<group>"; };
		886232452C7CC11700A1802D /* Logger.swift */ = {isa = PBXFileReference; lastKnownFileType = sourcecode.swift; path = Logger.swift; sourceTree = "<group>"; };
		886232482C7CC14300A1802D /* Item.swift */ = {isa = PBXFileReference; lastKnownFileType = sourcecode.swift; path = Item.swift; sourceTree = "<group>"; };
		8862324A2C7CC23000A1802D /* SampleItemDataSource.swift */ = {isa = PBXFileReference; fileEncoding = 4; lastKnownFileType = sourcecode.swift; path = SampleItemDataSource.swift; sourceTree = "<group>"; };
		8862324B2C7CC23000A1802D /* ItemDataSource.swift */ = {isa = PBXFileReference; fileEncoding = 4; lastKnownFileType = sourcecode.swift; path = ItemDataSource.swift; sourceTree = "<group>"; };
		886232512C7CC2A700A1802D /* ItemStore.swift */ = {isa = PBXFileReference; fileEncoding = 4; lastKnownFileType = sourcecode.swift; path = ItemStore.swift; sourceTree = "<group>"; };
		886232552C7CC2EE00A1802D /* OutfitStore.swift */ = {isa = PBXFileReference; fileEncoding = 4; lastKnownFileType = sourcecode.swift; path = OutfitStore.swift; sourceTree = "<group>"; };
		886232592C7CC2FF00A1802D /* OutfitDataSource.swift */ = {isa = PBXFileReference; fileEncoding = 4; lastKnownFileType = sourcecode.swift; path = OutfitDataSource.swift; sourceTree = "<group>"; };
		8862325A2C7CC2FF00A1802D /* SampleOutfitDataSource.swift */ = {isa = PBXFileReference; fileEncoding = 4; lastKnownFileType = sourcecode.swift; path = SampleOutfitDataSource.swift; sourceTree = "<group>"; };
		8862325F2C7CC32900A1802D /* Outfit.swift */ = {isa = PBXFileReference; fileEncoding = 4; lastKnownFileType = sourcecode.swift; path = Outfit.swift; sourceTree = "<group>"; };
		886232602C7CC32900A1802D /* ItemFilter.swift */ = {isa = PBXFileReference; fileEncoding = 4; lastKnownFileType = sourcecode.swift; path = ItemFilter.swift; sourceTree = "<group>"; };
		886232612C7CC32900A1802D /* Category.swift */ = {isa = PBXFileReference; fileEncoding = 4; lastKnownFileType = sourcecode.swift; path = Category.swift; sourceTree = "<group>"; };
		886232622C7CC32900A1802D /* OutfitCondition.swift */ = {isa = PBXFileReference; fileEncoding = 4; lastKnownFileType = sourcecode.swift; path = OutfitCondition.swift; sourceTree = "<group>"; };
		886232672C7CC4C600A1802D /* Config.swift */ = {isa = PBXFileReference; fileEncoding = 4; lastKnownFileType = sourcecode.swift; path = Config.swift; sourceTree = "<group>"; };
		886232692C7CC4D600A1802D /* DataSourceType.swift */ = {isa = PBXFileReference; lastKnownFileType = sourcecode.swift; path = DataSourceType.swift; sourceTree = "<group>"; };
		8862326B2C7CC53C00A1802D /* DependencyInjector.swift */ = {isa = PBXFileReference; fileEncoding = 4; lastKnownFileType = sourcecode.swift; path = DependencyInjector.swift; sourceTree = "<group>"; };
		886232712C7CC65200A1802D /* ItemDetail.swift */ = {isa = PBXFileReference; fileEncoding = 4; lastKnownFileType = sourcecode.swift; path = ItemDetail.swift; sourceTree = "<group>"; };
		886232782C7CC6EC00A1802D /* downloadImage.swift */ = {isa = PBXFileReference; fileEncoding = 4; lastKnownFileType = sourcecode.swift; path = downloadImage.swift; sourceTree = "<group>"; };
		8862327A2C7CC71E00A1802D /* ImagePicker.swift */ = {isa = PBXFileReference; fileEncoding = 4; lastKnownFileType = sourcecode.swift; path = ImagePicker.swift; sourceTree = "<group>"; };
		8862327B2C7CC71E00A1802D /* SelectedItemsGrid.swift */ = {isa = PBXFileReference; fileEncoding = 4; lastKnownFileType = sourcecode.swift; path = SelectedItemsGrid.swift; sourceTree = "<group>"; };
		8862327C2C7CC71E00A1802D /* ImageCard.swift */ = {isa = PBXFileReference; fileEncoding = 4; lastKnownFileType = sourcecode.swift; path = ImageCard.swift; sourceTree = "<group>"; };
		8862327D2C7CC71E00A1802D /* OutfitCard.swift */ = {isa = PBXFileReference; fileEncoding = 4; lastKnownFileType = sourcecode.swift; path = OutfitCard.swift; sourceTree = "<group>"; };
		886232832C7CC71F00A1802D /* OutfitsRow.swift */ = {isa = PBXFileReference; fileEncoding = 4; lastKnownFileType = sourcecode.swift; path = OutfitsRow.swift; sourceTree = "<group>"; };
		886232852C7CC71F00A1802D /* WrappedLayout.swift */ = {isa = PBXFileReference; fileEncoding = 4; lastKnownFileType = sourcecode.swift; path = WrappedLayout.swift; sourceTree = "<group>"; };
		886232972C7CC78B00A1802D /* ItemDeleteConfirmOutfitsSheet.swift */ = {isa = PBXFileReference; fileEncoding = 4; lastKnownFileType = sourcecode.swift; path = ItemDeleteConfirmOutfitsSheet.swift; sourceTree = "<group>"; };
		886232992C7CC7A900A1802D /* CategorySelectSheet.swift */ = {isa = PBXFileReference; fileEncoding = 4; lastKnownFileType = sourcecode.swift; path = CategorySelectSheet.swift; sourceTree = "<group>"; };
		8862329B2C7CC7D100A1802D /* Array+asyncMap.swift */ = {isa = PBXFileReference; fileEncoding = 4; lastKnownFileType = sourcecode.swift; path = "Array+asyncMap.swift"; sourceTree = "<group>"; };
		8862329C2C7CC7D100A1802D /* Color+textColorBasedOnBrightness.swift */ = {isa = PBXFileReference; fileEncoding = 4; lastKnownFileType = sourcecode.swift; path = "Color+textColorBasedOnBrightness.swift"; sourceTree = "<group>"; };
		8862329D2C7CC7D100A1802D /* String+errorDescription.swift */ = {isa = PBXFileReference; fileEncoding = 4; lastKnownFileType = sourcecode.swift; path = "String+errorDescription.swift"; sourceTree = "<group>"; };
		8862329E2C7CC7D100A1802D /* UIImage+resized.swift */ = {isa = PBXFileReference; fileEncoding = 4; lastKnownFileType = sourcecode.swift; path = "UIImage+resized.swift"; sourceTree = "<group>"; };
		8862329F2C7CC7D100A1802D /* View+functionalModifier.swift */ = {isa = PBXFileReference; fileEncoding = 4; lastKnownFileType = sourcecode.swift; path = "View+functionalModifier.swift"; sourceTree = "<group>"; };
		886232A02C7CC7D100A1802D /* View+if.swift */ = {isa = PBXFileReference; fileEncoding = 4; lastKnownFileType = sourcecode.swift; path = "View+if.swift"; sourceTree = "<group>"; };
		886232AC2C7CC9F500A1802D /* RootView.swift */ = {isa = PBXFileReference; fileEncoding = 4; lastKnownFileType = sourcecode.swift; path = RootView.swift; sourceTree = "<group>"; };
		886232AE2C7CCA7800A1802D /* OutfitDetail.swift */ = {isa = PBXFileReference; fileEncoding = 4; lastKnownFileType = sourcecode.swift; path = OutfitDetail.swift; sourceTree = "<group>"; };
		886232AF2C7CCA7800A1802D /* OutfitGrid.swift */ = {isa = PBXFileReference; fileEncoding = 4; lastKnownFileType = sourcecode.swift; path = OutfitGrid.swift; sourceTree = "<group>"; };
		886232B02C7CCA7800A1802D /* OutfitConditionDetail.swift */ = {isa = PBXFileReference; fileEncoding = 4; lastKnownFileType = sourcecode.swift; path = OutfitConditionDetail.swift; sourceTree = "<group>"; };
		886232B12C7CCA7800A1802D /* UserInfoScreen.swift */ = {isa = PBXFileReference; fileEncoding = 4; lastKnownFileType = sourcecode.swift; path = UserInfoScreen.swift; sourceTree = "<group>"; };
		886232B82C7CCB5000A1802D /* ItemCard.swift */ = {isa = PBXFileReference; lastKnownFileType = sourcecode.swift; path = ItemCard.swift; sourceTree = "<group>"; };
		886232BC2C7CCC9100A1802D /* NavigationManager.swift */ = {isa = PBXFileReference; fileEncoding = 4; lastKnownFileType = sourcecode.swift; path = NavigationManager.swift; sourceTree = "<group>"; };
		88B2BCE82C7E0E89008F45B7 /* SwiftDataItemDataSource.swift */ = {isa = PBXFileReference; lastKnownFileType = sourcecode.swift; path = SwiftDataItemDataSource.swift; sourceTree = "<group>"; };
		88CD55932C8745C700A9B78A /* ItemAddSelectWebSiteScreen.swift */ = {isa = PBXFileReference; lastKnownFileType = sourcecode.swift; path = ItemAddSelectWebSiteScreen.swift; sourceTree = "<group>"; };
		88CD55972C8749E800A9B78A /* WebViewManager.swift */ = {isa = PBXFileReference; fileEncoding = 4; lastKnownFileType = sourcecode.swift; path = WebViewManager.swift; sourceTree = "<group>"; };
		88CD55992C8749E800A9B78A /* CustomWebView.swift */ = {isa = PBXFileReference; fileEncoding = 4; lastKnownFileType = sourcecode.swift; path = CustomWebView.swift; sourceTree = "<group>"; };
		88CD559A2C8749E800A9B78A /* WKWebView+.swift */ = {isa = PBXFileReference; fileEncoding = 4; lastKnownFileType = sourcecode.swift; path = "WKWebView+.swift"; sourceTree = "<group>"; };
		88CD55A12C874E9800A9B78A /* SelectWebImageScreen.swift */ = {isa = PBXFileReference; fileEncoding = 4; lastKnownFileType = sourcecode.swift; path = SelectWebImageScreen.swift; sourceTree = "<group>"; };
		88CD55A32C8755CD00A9B78A /* Scraper.swift */ = {isa = PBXFileReference; fileEncoding = 4; lastKnownFileType = sourcecode.swift; path = Scraper.swift; sourceTree = "<group>"; };
/* End PBXFileReference section */

/* Begin PBXFrameworksBuildPhase section */
		886232092C7CBDD900A1802D /* Frameworks */ = {
			isa = PBXFrameworksBuildPhase;
			buildActionMask = 2147483647;
			files = (
				883B54452C8DD547007DB1E8 /* BrightroomEngine in Frameworks */,
				886232772C7CC6CD00A1802D /* CachedAsyncImage in Frameworks */,
				88CD55A72C8755E700A9B78A /* SwiftSoup in Frameworks */,
				883B54472C8DD547007DB1E8 /* BrightroomUI in Frameworks */,
			);
			runOnlyForDeploymentPostprocessing = 0;
		};
		886232192C7CBDDA00A1802D /* Frameworks */ = {
			isa = PBXFrameworksBuildPhase;
			buildActionMask = 2147483647;
			files = (
			);
			runOnlyForDeploymentPostprocessing = 0;
		};
		886232232C7CBDDA00A1802D /* Frameworks */ = {
			isa = PBXFrameworksBuildPhase;
			buildActionMask = 2147483647;
			files = (
			);
			runOnlyForDeploymentPostprocessing = 0;
		};
/* End PBXFrameworksBuildPhase section */

/* Begin PBXGroup section */
		884CF6512C7F596000250026 /* xcconfig */ = {
			isa = PBXGroup;
			children = (
				884CF6522C7F597600250026 /* sample.xcconfig */,
				884CF6532C7F599300250026 /* swiftData.xcconfig */,
			);
			path = xcconfig;
			sourceTree = "<group>";
		};
		886232032C7CBDD900A1802D = {
			isa = PBXGroup;
			children = (
				884CF6512C7F596000250026 /* xcconfig */,
				8862320E2C7CBDD900A1802D /* OOTD */,
				8862321F2C7CBDDA00A1802D /* OOTDTests */,
				886232292C7CBDDA00A1802D /* OOTDUITests */,
				8862320D2C7CBDD900A1802D /* Products */,
			);
			sourceTree = "<group>";
		};
		8862320D2C7CBDD900A1802D /* Products */ = {
			isa = PBXGroup;
			children = (
				8862320C2C7CBDD900A1802D /* OOTD.app */,
				8862321C2C7CBDDA00A1802D /* OOTDTests.xctest */,
				886232262C7CBDDA00A1802D /* OOTDUITests.xctest */,
			);
			name = Products;
			sourceTree = "<group>";
		};
		8862320E2C7CBDD900A1802D /* OOTD */ = {
			isa = PBXGroup;
			children = (
				884CF6542C7F5F1800250026 /* Info.plist */,
				886232A22C7CC7D100A1802D /* Extensions */,
				886232472C7CC12D00A1802D /* Models */,
				886232442C7CC10A00A1802D /* Others */,
				8862323B2C7CBF3200A1802D /* DataSources */,
				8862323A2C7CBF1C00A1802D /* ObservableObjects */,
				886232392C7CBF1500A1802D /* Views */,
				8862320F2C7CBDD900A1802D /* OOTDApp.swift */,
				886232132C7CBDDA00A1802D /* Assets.xcassets */,
				886232152C7CBDDA00A1802D /* Preview Content */,
			);
			path = OOTD;
			sourceTree = "<group>";
		};
		886232152C7CBDDA00A1802D /* Preview Content */ = {
			isa = PBXGroup;
			children = (
				886232162C7CBDDA00A1802D /* Preview Assets.xcassets */,
			);
			path = "Preview Content";
			sourceTree = "<group>";
		};
		8862321F2C7CBDDA00A1802D /* OOTDTests */ = {
			isa = PBXGroup;
			children = (
				886232202C7CBDDA00A1802D /* OOTDTests.swift */,
			);
			path = OOTDTests;
			sourceTree = "<group>";
		};
		886232292C7CBDDA00A1802D /* OOTDUITests */ = {
			isa = PBXGroup;
			children = (
				8862322A2C7CBDDA00A1802D /* OOTDUITests.swift */,
				8862322C2C7CBDDA00A1802D /* OOTDUITestsLaunchTests.swift */,
			);
			path = OOTDUITests;
			sourceTree = "<group>";
		};
		886232392C7CBF1500A1802D /* Views */ = {
			isa = PBXGroup;
			children = (
				88CD559B2C8749E800A9B78A /* WebView */,
				886232B72C7CCAE700A1802D /* Outfit */,
				886232B62C7CCADD00A1802D /* Item */,
				886232AC2C7CC9F500A1802D /* RootView.swift */,
				886232B12C7CCA7800A1802D /* UserInfoScreen.swift */,
				886232962C7CC78100A1802D /* Sheets */,
				886232412C7CC0D400A1802D /* Others */,
				8862323E2C7CC03C00A1802D /* Components */,
				883B54482C8DD5B8007DB1E8 /* CropView.swift */,
			);
			path = Views;
			sourceTree = "<group>";
		};
		8862323A2C7CBF1C00A1802D /* ObservableObjects */ = {
			isa = PBXGroup;
			children = (
				886232BC2C7CCC9100A1802D /* NavigationManager.swift */,
				886232552C7CC2EE00A1802D /* OutfitStore.swift */,
				886232512C7CC2A700A1802D /* ItemStore.swift */,
			);
			path = ObservableObjects;
			sourceTree = "<group>";
		};
		8862323B2C7CBF3200A1802D /* DataSources */ = {
			isa = PBXGroup;
			children = (
				8862325B2C7CC2FF00A1802D /* Outfit */,
				8862323C2C7CBF7400A1802D /* Item */,
				886232692C7CC4D600A1802D /* DataSourceType.swift */,
				883FCB2D2C90815F0001DAAF /* SwiftDataModelContainer.swift */,
			);
			path = DataSources;
			sourceTree = "<group>";
		};
		8862323C2C7CBF7400A1802D /* Item */ = {
			isa = PBXGroup;
			children = (
				8862324B2C7CC23000A1802D /* ItemDataSource.swift */,
				8862324A2C7CC23000A1802D /* SampleItemDataSource.swift */,
				88B2BCE82C7E0E89008F45B7 /* SwiftDataItemDataSource.swift */,
			);
			path = Item;
			sourceTree = "<group>";
		};
		8862323E2C7CC03C00A1802D /* Components */ = {
			isa = PBXGroup;
			children = (
				884CF6642C8201F900250026 /* AddButton.swift */,
				884CF66A2C8201F900250026 /* AspectRatioContainer.swift */,
				884CF6602C8201F800250026 /* MasonryGrid.swift */,
				8862327C2C7CC71E00A1802D /* ImageCard.swift */,
				8862327A2C7CC71E00A1802D /* ImagePicker.swift */,
				884CF65D2C82018400250026 /* RoundRectangleButton.swift */,
				886232832C7CC71F00A1802D /* OutfitsRow.swift */,
				8862327B2C7CC71E00A1802D /* SelectedItemsGrid.swift */,
				886232852C7CC71F00A1802D /* WrappedLayout.swift */,
			);
			path = Components;
			sourceTree = "<group>";
		};
		886232412C7CC0D400A1802D /* Others */ = {
			isa = PBXGroup;
			children = (
				8862326B2C7CC53C00A1802D /* DependencyInjector.swift */,
				886232422C7CC0E900A1802D /* HashableView.swift */,
			);
			path = Others;
			sourceTree = "<group>";
		};
		886232442C7CC10A00A1802D /* Others */ = {
			isa = PBXGroup;
			children = (
				886232672C7CC4C600A1802D /* Config.swift */,
				886232782C7CC6EC00A1802D /* downloadImage.swift */,
				886232452C7CC11700A1802D /* Logger.swift */,
				884CF6552C7F670200250026 /* LocalStorage.swift */,
				883FCB312C9489780001DAAF /* KeyChainHelper.swift */,
				883FCB3E2C99BB560001DAAF /* Color+gray.swift */,
			);
			path = Others;
			sourceTree = "<group>";
		};
		886232472C7CC12D00A1802D /* Models */ = {
			isa = PBXGroup;
			children = (
				886232482C7CC14300A1802D /* Item.swift */,
				886232612C7CC32900A1802D /* Category.swift */,
				886232602C7CC32900A1802D /* ItemFilter.swift */,
				8862325F2C7CC32900A1802D /* Outfit.swift */,
				886232622C7CC32900A1802D /* OutfitCondition.swift */,
			);
			path = Models;
			sourceTree = "<group>";
		};
		8862325B2C7CC2FF00A1802D /* Outfit */ = {
			isa = PBXGroup;
			children = (
				886232592C7CC2FF00A1802D /* OutfitDataSource.swift */,
				8862325A2C7CC2FF00A1802D /* SampleOutfitDataSource.swift */,
				886064102C906B45003C7001 /* SwiftDataOutfitDataSource.swift */,
			);
			path = Outfit;
			sourceTree = "<group>";
		};
		886232962C7CC78100A1802D /* Sheets */ = {
			isa = PBXGroup;
			children = (
				886232992C7CC7A900A1802D /* CategorySelectSheet.swift */,
				886232972C7CC78B00A1802D /* ItemDeleteConfirmOutfitsSheet.swift */,
			);
			path = Sheets;
			sourceTree = "<group>";
		};
		886232A22C7CC7D100A1802D /* Extensions */ = {
			isa = PBXGroup;
			children = (
				8862329B2C7CC7D100A1802D /* Array+asyncMap.swift */,
				8862329C2C7CC7D100A1802D /* Color+textColorBasedOnBrightness.swift */,
				8862329D2C7CC7D100A1802D /* String+errorDescription.swift */,
				8862329E2C7CC7D100A1802D /* UIImage+resized.swift */,
				8862329F2C7CC7D100A1802D /* View+functionalModifier.swift */,
				886232A02C7CC7D100A1802D /* View+if.swift */,
				886064122C90790D003C7001 /* Sequence+compactMapWithErrorLog.swift */,
				883FCB362C9671870001DAAF /* String+matches.swift */,
				883FCB382C9674060001DAAF /* Sequence+unique.swift */,
			);
			path = Extensions;
			sourceTree = "<group>";
		};
		886232B62C7CCADD00A1802D /* Item */ = {
			isa = PBXGroup;
			children = (
				886232B82C7CCB5000A1802D /* ItemCard.swift */,
				8862323F2C7CC08600A1802D /* ItemGrid.swift */,
				886232712C7CC65200A1802D /* ItemDetail.swift */,
				88CD55932C8745C700A9B78A /* ItemAddSelectWebSiteScreen.swift */,
			);
			path = Item;
			sourceTree = "<group>";
		};
		886232B72C7CCAE700A1802D /* Outfit */ = {
			isa = PBXGroup;
			children = (
				8862327D2C7CC71E00A1802D /* OutfitCard.swift */,
				886232B02C7CCA7800A1802D /* OutfitConditionDetail.swift */,
				886232AE2C7CCA7800A1802D /* OutfitDetail.swift */,
				886232AF2C7CCA7800A1802D /* OutfitGrid.swift */,
			);
			path = Outfit;
			sourceTree = "<group>";
		};
		88CD559B2C8749E800A9B78A /* WebView */ = {
			isa = PBXGroup;
			children = (
				88CD55AB2C89F53B00A9B78A /* Scraper */,
				88CD55972C8749E800A9B78A /* WebViewManager.swift */,
				88CD55A12C874E9800A9B78A /* SelectWebImageScreen.swift */,
				88CD55992C8749E800A9B78A /* CustomWebView.swift */,
				88CD559A2C8749E800A9B78A /* WKWebView+.swift */,
				883FCB3C2C986B060001DAAF /* SearchBar.swift */,
			);
			path = WebView;
			sourceTree = "<group>";
		};
		88CD55AB2C89F53B00A9B78A /* Scraper */ = {
			isa = PBXGroup;
			children = (
				88CD55A32C8755CD00A9B78A /* Scraper.swift */,
				883FCB2F2C946FE20001DAAF /* Scraper+ZOZO.swift */,
				883FCB342C966F280001DAAF /* Scraper+GU.swift */,
				883FCB3A2C970AA50001DAAF /* Scraper+Uniqlo.swift */,
			);
			path = Scraper;
			sourceTree = "<group>";
		};
/* End PBXGroup section */

/* Begin PBXNativeTarget section */
		8862320B2C7CBDD900A1802D /* OOTD */ = {
			isa = PBXNativeTarget;
			buildConfigurationList = 886232302C7CBDDA00A1802D /* Build configuration list for PBXNativeTarget "OOTD" */;
			buildPhases = (
				886232082C7CBDD900A1802D /* Sources */,
				886232092C7CBDD900A1802D /* Frameworks */,
				8862320A2C7CBDD900A1802D /* Resources */,
			);
			buildRules = (
			);
			dependencies = (
			);
			name = OOTD;
			packageProductDependencies = (
				886232762C7CC6CD00A1802D /* CachedAsyncImage */,
				88CD55A62C8755E700A9B78A /* SwiftSoup */,
				883B54442C8DD547007DB1E8 /* BrightroomEngine */,
				883B54462C8DD547007DB1E8 /* BrightroomUI */,
			);
			productName = OOTD;
			productReference = 8862320C2C7CBDD900A1802D /* OOTD.app */;
			productType = "com.apple.product-type.application";
		};
		8862321B2C7CBDDA00A1802D /* OOTDTests */ = {
			isa = PBXNativeTarget;
			buildConfigurationList = 886232332C7CBDDA00A1802D /* Build configuration list for PBXNativeTarget "OOTDTests" */;
			buildPhases = (
				886232182C7CBDDA00A1802D /* Sources */,
				886232192C7CBDDA00A1802D /* Frameworks */,
				8862321A2C7CBDDA00A1802D /* Resources */,
			);
			buildRules = (
			);
			dependencies = (
				8862321E2C7CBDDA00A1802D /* PBXTargetDependency */,
			);
			name = OOTDTests;
			productName = OOTDTests;
			productReference = 8862321C2C7CBDDA00A1802D /* OOTDTests.xctest */;
			productType = "com.apple.product-type.bundle.unit-test";
		};
		886232252C7CBDDA00A1802D /* OOTDUITests */ = {
			isa = PBXNativeTarget;
			buildConfigurationList = 886232362C7CBDDA00A1802D /* Build configuration list for PBXNativeTarget "OOTDUITests" */;
			buildPhases = (
				886232222C7CBDDA00A1802D /* Sources */,
				886232232C7CBDDA00A1802D /* Frameworks */,
				886232242C7CBDDA00A1802D /* Resources */,
			);
			buildRules = (
			);
			dependencies = (
				886232282C7CBDDA00A1802D /* PBXTargetDependency */,
			);
			name = OOTDUITests;
			productName = OOTDUITests;
			productReference = 886232262C7CBDDA00A1802D /* OOTDUITests.xctest */;
			productType = "com.apple.product-type.bundle.ui-testing";
		};
/* End PBXNativeTarget section */

/* Begin PBXProject section */
		886232042C7CBDD900A1802D /* Project object */ = {
			isa = PBXProject;
			attributes = {
				BuildIndependentTargetsInParallel = 1;
				LastSwiftUpdateCheck = 1530;
				LastUpgradeCheck = 1530;
				TargetAttributes = {
					8862320B2C7CBDD900A1802D = {
						CreatedOnToolsVersion = 15.3;
					};
					8862321B2C7CBDDA00A1802D = {
						CreatedOnToolsVersion = 15.3;
						TestTargetID = 8862320B2C7CBDD900A1802D;
					};
					886232252C7CBDDA00A1802D = {
						CreatedOnToolsVersion = 15.3;
						TestTargetID = 8862320B2C7CBDD900A1802D;
					};
				};
			};
			buildConfigurationList = 886232072C7CBDD900A1802D /* Build configuration list for PBXProject "OOTD" */;
			compatibilityVersion = "Xcode 14.0";
			developmentRegion = en;
			hasScannedForEncodings = 0;
			knownRegions = (
				en,
				Base,
			);
			mainGroup = 886232032C7CBDD900A1802D;
			packageReferences = (
				886232752C7CC6CD00A1802D /* XCRemoteSwiftPackageReference "swiftui-cached-async-image" */,
				88CD55A52C8755E700A9B78A /* XCRemoteSwiftPackageReference "SwiftSoup" */,
				883B54432C8DD547007DB1E8 /* XCRemoteSwiftPackageReference "Brightroom" */,
			);
			productRefGroup = 8862320D2C7CBDD900A1802D /* Products */;
			projectDirPath = "";
			projectRoot = "";
			targets = (
				8862320B2C7CBDD900A1802D /* OOTD */,
				8862321B2C7CBDDA00A1802D /* OOTDTests */,
				886232252C7CBDDA00A1802D /* OOTDUITests */,
			);
		};
/* End PBXProject section */

/* Begin PBXResourcesBuildPhase section */
		8862320A2C7CBDD900A1802D /* Resources */ = {
			isa = PBXResourcesBuildPhase;
			buildActionMask = 2147483647;
			files = (
				886232172C7CBDDA00A1802D /* Preview Assets.xcassets in Resources */,
				886232142C7CBDDA00A1802D /* Assets.xcassets in Resources */,
			);
			runOnlyForDeploymentPostprocessing = 0;
		};
		8862321A2C7CBDDA00A1802D /* Resources */ = {
			isa = PBXResourcesBuildPhase;
			buildActionMask = 2147483647;
			files = (
			);
			runOnlyForDeploymentPostprocessing = 0;
		};
		886232242C7CBDDA00A1802D /* Resources */ = {
			isa = PBXResourcesBuildPhase;
			buildActionMask = 2147483647;
			files = (
			);
			runOnlyForDeploymentPostprocessing = 0;
		};
/* End PBXResourcesBuildPhase section */

/* Begin PBXSourcesBuildPhase section */
		886232082C7CBDD900A1802D /* Sources */ = {
			isa = PBXSourcesBuildPhase;
			buildActionMask = 2147483647;
			files = (
				8862324D2C7CC23100A1802D /* SampleItemDataSource.swift in Sources */,
				8862324E2C7CC23100A1802D /* ItemDataSource.swift in Sources */,
				886232462C7CC11700A1802D /* Logger.swift in Sources */,
				886232432C7CC0E900A1802D /* HashableView.swift in Sources */,
				886232642C7CC32900A1802D /* ItemFilter.swift in Sources */,
				886232A82C7CC7D100A1802D /* View+if.swift in Sources */,
				88CD55A02C8749E800A9B78A /* WKWebView+.swift in Sources */,
				8862326A2C7CC4D600A1802D /* DataSourceType.swift in Sources */,
				8862329A2C7CC7A900A1802D /* CategorySelectSheet.swift in Sources */,
				886232BD2C7CCC9100A1802D /* NavigationManager.swift in Sources */,
				88CD559F2C8749E800A9B78A /* CustomWebView.swift in Sources */,
				884CF6702C8201F900250026 /* AddButton.swift in Sources */,
				883FCB392C9674060001DAAF /* Sequence+unique.swift in Sources */,
				88CD55A22C874E9800A9B78A /* SelectWebImageScreen.swift in Sources */,
				886232A72C7CC7D100A1802D /* View+functionalModifier.swift in Sources */,
				886232892C7CC71F00A1802D /* SelectedItemsGrid.swift in Sources */,
				88CD55942C8745C700A9B78A /* ItemAddSelectWebSiteScreen.swift in Sources */,
				88B2BCE92C7E0E89008F45B7 /* SwiftDataItemDataSource.swift in Sources */,
				886232402C7CC08600A1802D /* ItemGrid.swift in Sources */,
				886232982C7CC78B00A1802D /* ItemDeleteConfirmOutfitsSheet.swift in Sources */,
				886232662C7CC32900A1802D /* OutfitCondition.swift in Sources */,
				883FCB3D2C986B060001DAAF /* SearchBar.swift in Sources */,
				883FCB352C966F280001DAAF /* Scraper+GU.swift in Sources */,
				886232B92C7CCB5000A1802D /* ItemCard.swift in Sources */,
				886232A42C7CC7D100A1802D /* Color+textColorBasedOnBrightness.swift in Sources */,
				886232652C7CC32900A1802D /* Category.swift in Sources */,
				886232632C7CC32900A1802D /* Outfit.swift in Sources */,
				886232B22C7CCA7800A1802D /* OutfitDetail.swift in Sources */,
				886232882C7CC71F00A1802D /* ImagePicker.swift in Sources */,
				886232A32C7CC7D100A1802D /* Array+asyncMap.swift in Sources */,
				886232792C7CC6EC00A1802D /* downloadImage.swift in Sources */,
				886232B52C7CCA7800A1802D /* UserInfoScreen.swift in Sources */,
				886232A52C7CC7D100A1802D /* String+errorDescription.swift in Sources */,
				886232492C7CC14300A1802D /* Item.swift in Sources */,
				883FCB3B2C970AA50001DAAF /* Scraper+Uniqlo.swift in Sources */,
				88CD559D2C8749E800A9B78A /* WebViewManager.swift in Sources */,
				884CF66C2C8201F900250026 /* MasonryGrid.swift in Sources */,
				883B54492C8DD5B8007DB1E8 /* CropView.swift in Sources */,
				886232722C7CC65200A1802D /* ItemDetail.swift in Sources */,
				886232682C7CC4C600A1802D /* Config.swift in Sources */,
				8862325D2C7CC2FF00A1802D /* OutfitDataSource.swift in Sources */,
				886232AD2C7CC9F500A1802D /* RootView.swift in Sources */,
				886064112C906B45003C7001 /* SwiftDataOutfitDataSource.swift in Sources */,
				883FCB3F2C99BB560001DAAF /* Color+gray.swift in Sources */,
				884CF65E2C82018400250026 /* RoundRectangleButton.swift in Sources */,
				883FCB372C9671870001DAAF /* String+matches.swift in Sources */,
				886064132C90790D003C7001 /* Sequence+compactMapWithErrorLog.swift in Sources */,
				886232B32C7CCA7800A1802D /* OutfitGrid.swift in Sources */,
				886232532C7CC2A700A1802D /* ItemStore.swift in Sources */,
				884CF6562C7F670200250026 /* LocalStorage.swift in Sources */,
				886232932C7CC71F00A1802D /* WrappedLayout.swift in Sources */,
				886232102C7CBDD900A1802D /* OOTDApp.swift in Sources */,
				8862326C2C7CC53C00A1802D /* DependencyInjector.swift in Sources */,
				886232572C7CC2EE00A1802D /* OutfitStore.swift in Sources */,
				8862328B2C7CC71F00A1802D /* OutfitCard.swift in Sources */,
				88CD55A42C8755CD00A9B78A /* Scraper.swift in Sources */,
				883FCB322C9489780001DAAF /* KeyChainHelper.swift in Sources */,
				883FCB2E2C90815F0001DAAF /* SwiftDataModelContainer.swift in Sources */,
				8862325E2C7CC2FF00A1802D /* SampleOutfitDataSource.swift in Sources */,
				886232A62C7CC7D100A1802D /* UIImage+resized.swift in Sources */,
				883FCB302C946FE20001DAAF /* Scraper+ZOZO.swift in Sources */,
				886232B42C7CCA7800A1802D /* OutfitConditionDetail.swift in Sources */,
				886232912C7CC71F00A1802D /* OutfitsRow.swift in Sources */,
				8862328A2C7CC71F00A1802D /* ImageCard.swift in Sources */,
				884CF6762C8201F900250026 /* AspectRatioContainer.swift in Sources */,
			);
			runOnlyForDeploymentPostprocessing = 0;
		};
		886232182C7CBDDA00A1802D /* Sources */ = {
			isa = PBXSourcesBuildPhase;
			buildActionMask = 2147483647;
			files = (
				886232212C7CBDDA00A1802D /* OOTDTests.swift in Sources */,
			);
			runOnlyForDeploymentPostprocessing = 0;
		};
		886232222C7CBDDA00A1802D /* Sources */ = {
			isa = PBXSourcesBuildPhase;
			buildActionMask = 2147483647;
			files = (
				8862322D2C7CBDDA00A1802D /* OOTDUITestsLaunchTests.swift in Sources */,
				8862322B2C7CBDDA00A1802D /* OOTDUITests.swift in Sources */,
			);
			runOnlyForDeploymentPostprocessing = 0;
		};
/* End PBXSourcesBuildPhase section */

/* Begin PBXTargetDependency section */
		8862321E2C7CBDDA00A1802D /* PBXTargetDependency */ = {
			isa = PBXTargetDependency;
			target = 8862320B2C7CBDD900A1802D /* OOTD */;
			targetProxy = 8862321D2C7CBDDA00A1802D /* PBXContainerItemProxy */;
		};
		886232282C7CBDDA00A1802D /* PBXTargetDependency */ = {
			isa = PBXTargetDependency;
			target = 8862320B2C7CBDD900A1802D /* OOTD */;
			targetProxy = 886232272C7CBDDA00A1802D /* PBXContainerItemProxy */;
		};
/* End PBXTargetDependency section */

/* Begin XCBuildConfiguration section */
		8862322E2C7CBDDA00A1802D /* Debug */ = {
			isa = XCBuildConfiguration;
			baseConfigurationReference = 884CF6522C7F597600250026 /* sample.xcconfig */;
			buildSettings = {
				ALWAYS_SEARCH_USER_PATHS = NO;
				ASSETCATALOG_COMPILER_GENERATE_SWIFT_ASSET_SYMBOL_EXTENSIONS = YES;
				CLANG_ANALYZER_NONNULL = YES;
				CLANG_ANALYZER_NUMBER_OBJECT_CONVERSION = YES_AGGRESSIVE;
				CLANG_CXX_LANGUAGE_STANDARD = "gnu++20";
				CLANG_ENABLE_MODULES = YES;
				CLANG_ENABLE_OBJC_ARC = YES;
				CLANG_ENABLE_OBJC_WEAK = YES;
				CLANG_WARN_BLOCK_CAPTURE_AUTORELEASING = YES;
				CLANG_WARN_BOOL_CONVERSION = YES;
				CLANG_WARN_COMMA = YES;
				CLANG_WARN_CONSTANT_CONVERSION = YES;
				CLANG_WARN_DEPRECATED_OBJC_IMPLEMENTATIONS = YES;
				CLANG_WARN_DIRECT_OBJC_ISA_USAGE = YES_ERROR;
				CLANG_WARN_DOCUMENTATION_COMMENTS = YES;
				CLANG_WARN_EMPTY_BODY = YES;
				CLANG_WARN_ENUM_CONVERSION = YES;
				CLANG_WARN_INFINITE_RECURSION = YES;
				CLANG_WARN_INT_CONVERSION = YES;
				CLANG_WARN_NON_LITERAL_NULL_CONVERSION = YES;
				CLANG_WARN_OBJC_IMPLICIT_RETAIN_SELF = YES;
				CLANG_WARN_OBJC_LITERAL_CONVERSION = YES;
				CLANG_WARN_OBJC_ROOT_CLASS = YES_ERROR;
				CLANG_WARN_QUOTED_INCLUDE_IN_FRAMEWORK_HEADER = YES;
				CLANG_WARN_RANGE_LOOP_ANALYSIS = YES;
				CLANG_WARN_STRICT_PROTOTYPES = YES;
				CLANG_WARN_SUSPICIOUS_MOVE = YES;
				CLANG_WARN_UNGUARDED_AVAILABILITY = YES_AGGRESSIVE;
				CLANG_WARN_UNREACHABLE_CODE = YES;
				CLANG_WARN__DUPLICATE_METHOD_MATCH = YES;
				COPY_PHASE_STRIP = NO;
				DEBUG_INFORMATION_FORMAT = dwarf;
				ENABLE_STRICT_OBJC_MSGSEND = YES;
				ENABLE_TESTABILITY = YES;
				ENABLE_USER_SCRIPT_SANDBOXING = YES;
				GCC_C_LANGUAGE_STANDARD = gnu17;
				GCC_DYNAMIC_NO_PIC = NO;
				GCC_NO_COMMON_BLOCKS = YES;
				GCC_OPTIMIZATION_LEVEL = 0;
				GCC_PREPROCESSOR_DEFINITIONS = (
					"DEBUG=1",
					"$(inherited)",
				);
				GCC_WARN_64_TO_32_BIT_CONVERSION = YES;
				GCC_WARN_ABOUT_RETURN_TYPE = YES_ERROR;
				GCC_WARN_UNDECLARED_SELECTOR = YES;
				GCC_WARN_UNINITIALIZED_AUTOS = YES_AGGRESSIVE;
				GCC_WARN_UNUSED_FUNCTION = YES;
				GCC_WARN_UNUSED_VARIABLE = YES;
				IPHONEOS_DEPLOYMENT_TARGET = 17.4;
				LOCALIZATION_PREFERS_STRING_CATALOGS = YES;
				MTL_ENABLE_DEBUG_INFO = INCLUDE_SOURCE;
				MTL_FAST_MATH = YES;
				ONLY_ACTIVE_ARCH = YES;
				SDKROOT = iphoneos;
				SWIFT_ACTIVE_COMPILATION_CONDITIONS = "DEBUG $(inherited)";
				SWIFT_OPTIMIZATION_LEVEL = "-Onone";
			};
			name = Debug;
		};
		8862322F2C7CBDDA00A1802D /* Release */ = {
			isa = XCBuildConfiguration;
			baseConfigurationReference = 884CF6532C7F599300250026 /* swiftData.xcconfig */;
			buildSettings = {
				ALWAYS_SEARCH_USER_PATHS = NO;
				ASSETCATALOG_COMPILER_GENERATE_SWIFT_ASSET_SYMBOL_EXTENSIONS = YES;
				CLANG_ANALYZER_NONNULL = YES;
				CLANG_ANALYZER_NUMBER_OBJECT_CONVERSION = YES_AGGRESSIVE;
				CLANG_CXX_LANGUAGE_STANDARD = "gnu++20";
				CLANG_ENABLE_MODULES = YES;
				CLANG_ENABLE_OBJC_ARC = YES;
				CLANG_ENABLE_OBJC_WEAK = YES;
				CLANG_WARN_BLOCK_CAPTURE_AUTORELEASING = YES;
				CLANG_WARN_BOOL_CONVERSION = YES;
				CLANG_WARN_COMMA = YES;
				CLANG_WARN_CONSTANT_CONVERSION = YES;
				CLANG_WARN_DEPRECATED_OBJC_IMPLEMENTATIONS = YES;
				CLANG_WARN_DIRECT_OBJC_ISA_USAGE = YES_ERROR;
				CLANG_WARN_DOCUMENTATION_COMMENTS = YES;
				CLANG_WARN_EMPTY_BODY = YES;
				CLANG_WARN_ENUM_CONVERSION = YES;
				CLANG_WARN_INFINITE_RECURSION = YES;
				CLANG_WARN_INT_CONVERSION = YES;
				CLANG_WARN_NON_LITERAL_NULL_CONVERSION = YES;
				CLANG_WARN_OBJC_IMPLICIT_RETAIN_SELF = YES;
				CLANG_WARN_OBJC_LITERAL_CONVERSION = YES;
				CLANG_WARN_OBJC_ROOT_CLASS = YES_ERROR;
				CLANG_WARN_QUOTED_INCLUDE_IN_FRAMEWORK_HEADER = YES;
				CLANG_WARN_RANGE_LOOP_ANALYSIS = YES;
				CLANG_WARN_STRICT_PROTOTYPES = YES;
				CLANG_WARN_SUSPICIOUS_MOVE = YES;
				CLANG_WARN_UNGUARDED_AVAILABILITY = YES_AGGRESSIVE;
				CLANG_WARN_UNREACHABLE_CODE = YES;
				CLANG_WARN__DUPLICATE_METHOD_MATCH = YES;
				COPY_PHASE_STRIP = NO;
				DEBUG_INFORMATION_FORMAT = "dwarf-with-dsym";
				ENABLE_NS_ASSERTIONS = NO;
				ENABLE_STRICT_OBJC_MSGSEND = YES;
				ENABLE_USER_SCRIPT_SANDBOXING = YES;
				GCC_C_LANGUAGE_STANDARD = gnu17;
				GCC_NO_COMMON_BLOCKS = YES;
				GCC_WARN_64_TO_32_BIT_CONVERSION = YES;
				GCC_WARN_ABOUT_RETURN_TYPE = YES_ERROR;
				GCC_WARN_UNDECLARED_SELECTOR = YES;
				GCC_WARN_UNINITIALIZED_AUTOS = YES_AGGRESSIVE;
				GCC_WARN_UNUSED_FUNCTION = YES;
				GCC_WARN_UNUSED_VARIABLE = YES;
				IPHONEOS_DEPLOYMENT_TARGET = 17.4;
				LOCALIZATION_PREFERS_STRING_CATALOGS = YES;
				MTL_ENABLE_DEBUG_INFO = NO;
				MTL_FAST_MATH = YES;
				SDKROOT = iphoneos;
				SWIFT_ACTIVE_COMPILATION_CONDITIONS = RELEASE;
				SWIFT_COMPILATION_MODE = wholemodule;
				VALIDATE_PRODUCT = YES;
			};
			name = Release;
		};
		886232312C7CBDDA00A1802D /* Debug */ = {
			isa = XCBuildConfiguration;
			buildSettings = {
				ASSETCATALOG_COMPILER_APPICON_NAME = AppIcon;
				ASSETCATALOG_COMPILER_GLOBAL_ACCENT_COLOR_NAME = AccentColor;
				CODE_SIGN_STYLE = Automatic;
				CURRENT_PROJECT_VERSION = 1;
				DEVELOPMENT_ASSET_PATHS = "\"OOTD/Preview Content\"";
				DEVELOPMENT_TEAM = UYA338GXZR;
				ENABLE_PREVIEWS = YES;
				GENERATE_INFOPLIST_FILE = YES;
				INFOPLIST_FILE = OOTD/Info.plist;
				INFOPLIST_KEY_UIApplicationSceneManifest_Generation = YES;
				INFOPLIST_KEY_UIApplicationSupportsIndirectInputEvents = YES;
				INFOPLIST_KEY_UILaunchScreen_Generation = YES;
				INFOPLIST_KEY_UISupportedInterfaceOrientations_iPad = "UIInterfaceOrientationPortrait UIInterfaceOrientationPortraitUpsideDown UIInterfaceOrientationLandscapeLeft UIInterfaceOrientationLandscapeRight";
				INFOPLIST_KEY_UISupportedInterfaceOrientations_iPhone = "UIInterfaceOrientationPortrait UIInterfaceOrientationLandscapeLeft UIInterfaceOrientationLandscapeRight";
				INFOPLIST_KEY_UIUserInterfaceStyle = Light;
				LD_RUNPATH_SEARCH_PATHS = (
					"$(inherited)",
					"@executable_path/Frameworks",
				);
				MARKETING_VERSION = 1.0;
				PRODUCT_BUNDLE_IDENTIFIER = com.hrsma2i.OOTD;
				PRODUCT_NAME = "$(TARGET_NAME)";
				SWIFT_EMIT_LOC_STRINGS = YES;
				SWIFT_VERSION = 5.0;
				TARGETED_DEVICE_FAMILY = "1,2";
			};
			name = Debug;
		};
		886232322C7CBDDA00A1802D /* Release */ = {
			isa = XCBuildConfiguration;
			buildSettings = {
				ASSETCATALOG_COMPILER_APPICON_NAME = AppIcon;
				ASSETCATALOG_COMPILER_GLOBAL_ACCENT_COLOR_NAME = AccentColor;
				CODE_SIGN_STYLE = Automatic;
				CURRENT_PROJECT_VERSION = 1;
				DEVELOPMENT_ASSET_PATHS = "\"OOTD/Preview Content\"";
				DEVELOPMENT_TEAM = UYA338GXZR;
				ENABLE_PREVIEWS = YES;
				GENERATE_INFOPLIST_FILE = YES;
				INFOPLIST_FILE = OOTD/Info.plist;
				INFOPLIST_KEY_UIApplicationSceneManifest_Generation = YES;
				INFOPLIST_KEY_UIApplicationSupportsIndirectInputEvents = YES;
				INFOPLIST_KEY_UILaunchScreen_Generation = YES;
				INFOPLIST_KEY_UISupportedInterfaceOrientations_iPad = "UIInterfaceOrientationPortrait UIInterfaceOrientationPortraitUpsideDown UIInterfaceOrientationLandscapeLeft UIInterfaceOrientationLandscapeRight";
				INFOPLIST_KEY_UISupportedInterfaceOrientations_iPhone = "UIInterfaceOrientationPortrait UIInterfaceOrientationLandscapeLeft UIInterfaceOrientationLandscapeRight";
				INFOPLIST_KEY_UIUserInterfaceStyle = Light;
				LD_RUNPATH_SEARCH_PATHS = (
					"$(inherited)",
					"@executable_path/Frameworks",
				);
				MARKETING_VERSION = 1.0;
				PRODUCT_BUNDLE_IDENTIFIER = com.hrsma2i.OOTD;
				PRODUCT_NAME = "$(TARGET_NAME)";
				SWIFT_EMIT_LOC_STRINGS = YES;
				SWIFT_VERSION = 5.0;
				TARGETED_DEVICE_FAMILY = "1,2";
			};
			name = Release;
		};
		886232342C7CBDDA00A1802D /* Debug */ = {
			isa = XCBuildConfiguration;
			buildSettings = {
				ALWAYS_EMBED_SWIFT_STANDARD_LIBRARIES = YES;
				BUNDLE_LOADER = "$(TEST_HOST)";
				CODE_SIGN_STYLE = Automatic;
				CURRENT_PROJECT_VERSION = 1;
				DEVELOPMENT_TEAM = UYA338GXZR;
				GENERATE_INFOPLIST_FILE = YES;
				IPHONEOS_DEPLOYMENT_TARGET = 17.4;
				MARKETING_VERSION = 1.0;
				PRODUCT_BUNDLE_IDENTIFIER = com.hrsma2i.OOTDTests;
				PRODUCT_NAME = "$(TARGET_NAME)";
				SWIFT_EMIT_LOC_STRINGS = NO;
				SWIFT_VERSION = 5.0;
				TARGETED_DEVICE_FAMILY = "1,2";
				TEST_HOST = "$(BUILT_PRODUCTS_DIR)/OOTD.app/$(BUNDLE_EXECUTABLE_FOLDER_PATH)/OOTD";
			};
			name = Debug;
		};
		886232352C7CBDDA00A1802D /* Release */ = {
			isa = XCBuildConfiguration;
			buildSettings = {
				ALWAYS_EMBED_SWIFT_STANDARD_LIBRARIES = YES;
				BUNDLE_LOADER = "$(TEST_HOST)";
				CODE_SIGN_STYLE = Automatic;
				CURRENT_PROJECT_VERSION = 1;
				DEVELOPMENT_TEAM = UYA338GXZR;
				GENERATE_INFOPLIST_FILE = YES;
				IPHONEOS_DEPLOYMENT_TARGET = 17.4;
				MARKETING_VERSION = 1.0;
				PRODUCT_BUNDLE_IDENTIFIER = com.hrsma2i.OOTDTests;
				PRODUCT_NAME = "$(TARGET_NAME)";
				SWIFT_EMIT_LOC_STRINGS = NO;
				SWIFT_VERSION = 5.0;
				TARGETED_DEVICE_FAMILY = "1,2";
				TEST_HOST = "$(BUILT_PRODUCTS_DIR)/OOTD.app/$(BUNDLE_EXECUTABLE_FOLDER_PATH)/OOTD";
			};
			name = Release;
		};
		886232372C7CBDDA00A1802D /* Debug */ = {
			isa = XCBuildConfiguration;
			buildSettings = {
				ALWAYS_EMBED_SWIFT_STANDARD_LIBRARIES = YES;
				CODE_SIGN_STYLE = Automatic;
				CURRENT_PROJECT_VERSION = 1;
				DEVELOPMENT_TEAM = UYA338GXZR;
				GENERATE_INFOPLIST_FILE = YES;
				MARKETING_VERSION = 1.0;
				PRODUCT_BUNDLE_IDENTIFIER = com.hrsma2i.OOTDUITests;
				PRODUCT_NAME = "$(TARGET_NAME)";
				SWIFT_EMIT_LOC_STRINGS = NO;
				SWIFT_VERSION = 5.0;
				TARGETED_DEVICE_FAMILY = "1,2";
				TEST_TARGET_NAME = OOTD;
			};
			name = Debug;
		};
		886232382C7CBDDA00A1802D /* Release */ = {
			isa = XCBuildConfiguration;
			buildSettings = {
				ALWAYS_EMBED_SWIFT_STANDARD_LIBRARIES = YES;
				CODE_SIGN_STYLE = Automatic;
				CURRENT_PROJECT_VERSION = 1;
				DEVELOPMENT_TEAM = UYA338GXZR;
				GENERATE_INFOPLIST_FILE = YES;
				MARKETING_VERSION = 1.0;
				PRODUCT_BUNDLE_IDENTIFIER = com.hrsma2i.OOTDUITests;
				PRODUCT_NAME = "$(TARGET_NAME)";
				SWIFT_EMIT_LOC_STRINGS = NO;
				SWIFT_VERSION = 5.0;
				TARGETED_DEVICE_FAMILY = "1,2";
				TEST_TARGET_NAME = OOTD;
			};
			name = Release;
		};
/* End XCBuildConfiguration section */

/* Begin XCConfigurationList section */
		886232072C7CBDD900A1802D /* Build configuration list for PBXProject "OOTD" */ = {
			isa = XCConfigurationList;
			buildConfigurations = (
				8862322E2C7CBDDA00A1802D /* Debug */,
				8862322F2C7CBDDA00A1802D /* Release */,
			);
			defaultConfigurationIsVisible = 0;
			defaultConfigurationName = Release;
		};
		886232302C7CBDDA00A1802D /* Build configuration list for PBXNativeTarget "OOTD" */ = {
			isa = XCConfigurationList;
			buildConfigurations = (
				886232312C7CBDDA00A1802D /* Debug */,
				886232322C7CBDDA00A1802D /* Release */,
			);
			defaultConfigurationIsVisible = 0;
			defaultConfigurationName = Release;
		};
		886232332C7CBDDA00A1802D /* Build configuration list for PBXNativeTarget "OOTDTests" */ = {
			isa = XCConfigurationList;
			buildConfigurations = (
				886232342C7CBDDA00A1802D /* Debug */,
				886232352C7CBDDA00A1802D /* Release */,
			);
			defaultConfigurationIsVisible = 0;
			defaultConfigurationName = Release;
		};
		886232362C7CBDDA00A1802D /* Build configuration list for PBXNativeTarget "OOTDUITests" */ = {
			isa = XCConfigurationList;
			buildConfigurations = (
				886232372C7CBDDA00A1802D /* Debug */,
				886232382C7CBDDA00A1802D /* Release */,
			);
			defaultConfigurationIsVisible = 0;
			defaultConfigurationName = Release;
		};
/* End XCConfigurationList section */

/* Begin XCRemoteSwiftPackageReference section */
		883B54432C8DD547007DB1E8 /* XCRemoteSwiftPackageReference "Brightroom" */ = {
			isa = XCRemoteSwiftPackageReference;
			repositoryURL = "https://github.com/FluidGroup/Brightroom.git";
			requirement = {
				kind = upToNextMajorVersion;
				minimumVersion = 2.10.1;
			};
		};
		886232752C7CC6CD00A1802D /* XCRemoteSwiftPackageReference "swiftui-cached-async-image" */ = {
			isa = XCRemoteSwiftPackageReference;
			repositoryURL = "https://github.com/lorenzofiamingo/swiftui-cached-async-image";
			requirement = {
				kind = upToNextMajorVersion;
				minimumVersion = 2.1.1;
			};
		};
		88CD55A52C8755E700A9B78A /* XCRemoteSwiftPackageReference "SwiftSoup" */ = {
			isa = XCRemoteSwiftPackageReference;
			repositoryURL = "https://github.com/scinfu/SwiftSoup";
			requirement = {
				kind = upToNextMajorVersion;
				minimumVersion = 2.7.5;
			};
		};
/* End XCRemoteSwiftPackageReference section */

/* Begin XCSwiftPackageProductDependency section */
		883B54442C8DD547007DB1E8 /* BrightroomEngine */ = {
			isa = XCSwiftPackageProductDependency;
			package = 883B54432C8DD547007DB1E8 /* XCRemoteSwiftPackageReference "Brightroom" */;
			productName = BrightroomEngine;
		};
		883B54462C8DD547007DB1E8 /* BrightroomUI */ = {
			isa = XCSwiftPackageProductDependency;
			package = 883B54432C8DD547007DB1E8 /* XCRemoteSwiftPackageReference "Brightroom" */;
			productName = BrightroomUI;
		};
		886232762C7CC6CD00A1802D /* CachedAsyncImage */ = {
			isa = XCSwiftPackageProductDependency;
			package = 886232752C7CC6CD00A1802D /* XCRemoteSwiftPackageReference "swiftui-cached-async-image" */;
			productName = CachedAsyncImage;
		};
		88CD55A62C8755E700A9B78A /* SwiftSoup */ = {
			isa = XCSwiftPackageProductDependency;
			package = 88CD55A52C8755E700A9B78A /* XCRemoteSwiftPackageReference "SwiftSoup" */;
			productName = SwiftSoup;
		};
/* End XCSwiftPackageProductDependency section */
	};
	rootObject = 886232042C7CBDD900A1802D /* Project object */;
}
