// !$*UTF8*$!
{
	archiveVersion = 1;
	classes = {
	};
	objectVersion = 56;
	objects = {

/* Begin PBXBuildFile section */
		88004E202CB42F9000A80A80 /* EcPurchaseHistory.swift in Sources */ = {isa = PBXBuildFile; fileRef = 88004E1F2CB42F9000A80A80 /* EcPurchaseHistory.swift */; };
		88004E242CB4302100A80A80 /* EcItemDetail.swift in Sources */ = {isa = PBXBuildFile; fileRef = 88004E232CB4302100A80A80 /* EcItemDetail.swift */; };
		88004E272CB430B800A80A80 /* ZozoPurchaseHistory.swift in Sources */ = {isa = PBXBuildFile; fileRef = 88004E262CB430B800A80A80 /* ZozoPurchaseHistory.swift */; };
		88004E292CB4326300A80A80 /* GuPurchaseHistory.swift in Sources */ = {isa = PBXBuildFile; fileRef = 88004E282CB4326300A80A80 /* GuPurchaseHistory.swift */; };
		88004E2B2CB4337300A80A80 /* UniqloPurchaseHistory.swift in Sources */ = {isa = PBXBuildFile; fileRef = 88004E2A2CB4337300A80A80 /* UniqloPurchaseHistory.swift */; };
		88004E2D2CB4363700A80A80 /* ZozoItemDetail.swift in Sources */ = {isa = PBXBuildFile; fileRef = 88004E2C2CB4363700A80A80 /* ZozoItemDetail.swift */; };
		88004E2F2CB4374E00A80A80 /* ZozoPage.swift in Sources */ = {isa = PBXBuildFile; fileRef = 88004E2E2CB4374E00A80A80 /* ZozoPage.swift */; };
		88004E312CB43BF400A80A80 /* DefaultPurchaseHistory.swift in Sources */ = {isa = PBXBuildFile; fileRef = 88004E302CB43BF400A80A80 /* DefaultPurchaseHistory.swift */; };
		88004E372CB5496000A80A80 /* UniqloItemDetail.swift in Sources */ = {isa = PBXBuildFile; fileRef = 88004E362CB5496000A80A80 /* UniqloItemDetail.swift */; };
		88004E472CB58D2000A80A80 /* FirstRetailingPage.swift in Sources */ = {isa = PBXBuildFile; fileRef = 88004E462CB58D2000A80A80 /* FirstRetailingPage.swift */; };
		88004E492CB7E8F600A80A80 /* String+extract.swift in Sources */ = {isa = PBXBuildFile; fileRef = 88004E482CB7E8F600A80A80 /* String+extract.swift */; };
		88004E4B2CB9552A00A80A80 /* doWithErrorLog.swift in Sources */ = {isa = PBXBuildFile; fileRef = 88004E4A2CB9552A00A80A80 /* doWithErrorLog.swift */; };
		88004E4D2CBBF82400A80A80 /* LocalJsonItemRepository.swift in Sources */ = {isa = PBXBuildFile; fileRef = 88004E4C2CBBF82400A80A80 /* LocalJsonItemRepository.swift */; };
		88004E4F2CBE35EF00A80A80 /* LocalJsonOutfitRepository.swift in Sources */ = {isa = PBXBuildFile; fileRef = 88004E4E2CBE35EF00A80A80 /* LocalJsonOutfitRepository.swift */; };
		881B6B5A2CA5BAC7008274FF /* SchemaV3.swift in Sources */ = {isa = PBXBuildFile; fileRef = 881B6B592CA5BAC7008274FF /* SchemaV3.swift */; };
		881B6B5C2CA5BAD6008274FF /* ItemDTOV3.swift in Sources */ = {isa = PBXBuildFile; fileRef = 881B6B5B2CA5BAD6008274FF /* ItemDTOV3.swift */; };
		881B6B5E2CA5C250008274FF /* Date+toString.swift in Sources */ = {isa = PBXBuildFile; fileRef = 881B6B5D2CA5C250008274FF /* Date+toString.swift */; };
		881B6B602CA650A7008274FF /* ItemDTOV4.swift in Sources */ = {isa = PBXBuildFile; fileRef = 881B6B5F2CA650A7008274FF /* ItemDTOV4.swift */; };
		881B6B622CA650B1008274FF /* SchemaV4.swift in Sources */ = {isa = PBXBuildFile; fileRef = 881B6B612CA650B1008274FF /* SchemaV4.swift */; };
		881B6B642CA6D49A008274FF /* Date+initYMD.swift in Sources */ = {isa = PBXBuildFile; fileRef = 881B6B632CA6D49A008274FF /* Date+initYMD.swift */; };
		881B6B662CA83D77008274FF /* WebItemDetail.swift in Sources */ = {isa = PBXBuildFile; fileRef = 881B6B652CA83D77008274FF /* WebItemDetail.swift */; };
		88216DC12CAED676005B53BA /* GuItemDetail.swift in Sources */ = {isa = PBXBuildFile; fileRef = 88216DC02CAED676005B53BA /* GuItemDetail.swift */; };
		882C84652CC9338A007DF349 /* compareOptional.swift in Sources */ = {isa = PBXBuildFile; fileRef = 882C84642CC9338A007DF349 /* compareOptional.swift */; };
		882D9FC32CC946C5003A1338 /* SelectSheet.swift in Sources */ = {isa = PBXBuildFile; fileRef = 882D9FC22CC946C5003A1338 /* SelectSheet.swift */; };
		882D9FC52CCA80DD003A1338 /* request.swift in Sources */ = {isa = PBXBuildFile; fileRef = 882D9FC42CCA80DD003A1338 /* request.swift */; };
		883B54452C8DD547007DB1E8 /* BrightroomEngine in Frameworks */ = {isa = PBXBuildFile; productRef = 883B54442C8DD547007DB1E8 /* BrightroomEngine */; };
		883B54472C8DD547007DB1E8 /* BrightroomUI in Frameworks */ = {isa = PBXBuildFile; productRef = 883B54462C8DD547007DB1E8 /* BrightroomUI */; };
		883B54492C8DD5B8007DB1E8 /* CropView.swift in Sources */ = {isa = PBXBuildFile; fileRef = 883B54482C8DD5B8007DB1E8 /* CropView.swift */; };
		883FCB2E2C90815F0001DAAF /* SwiftDataManager.swift in Sources */ = {isa = PBXBuildFile; fileRef = 883FCB2D2C90815F0001DAAF /* SwiftDataManager.swift */; };
		883FCB322C9489780001DAAF /* KeyChainHelper.swift in Sources */ = {isa = PBXBuildFile; fileRef = 883FCB312C9489780001DAAF /* KeyChainHelper.swift */; };
		883FCB372C9671870001DAAF /* String+matches.swift in Sources */ = {isa = PBXBuildFile; fileRef = 883FCB362C9671870001DAAF /* String+matches.swift */; };
		883FCB392C9674060001DAAF /* Sequence+unique.swift in Sources */ = {isa = PBXBuildFile; fileRef = 883FCB382C9674060001DAAF /* Sequence+unique.swift */; };
		883FCB3D2C986B060001DAAF /* SearchBar.swift in Sources */ = {isa = PBXBuildFile; fileRef = 883FCB3C2C986B060001DAAF /* SearchBar.swift */; };
		883FCB3F2C99BB560001DAAF /* Color+gray.swift in Sources */ = {isa = PBXBuildFile; fileRef = 883FCB3E2C99BB560001DAAF /* Color+gray.swift */; };
		883FCB412C99C82E0001DAAF /* View+edgeSwipe.swift in Sources */ = {isa = PBXBuildFile; fileRef = 883FCB402C99C82E0001DAAF /* View+edgeSwipe.swift */; };
		883FCB432C9B25690001DAAF /* ImageSource.swift in Sources */ = {isa = PBXBuildFile; fileRef = 883FCB422C9B25690001DAAF /* ImageSource.swift */; };
		883FCB452C9C5F4C0001DAAF /* DetailMode.swift in Sources */ = {isa = PBXBuildFile; fileRef = 883FCB442C9C5F4C0001DAAF /* DetailMode.swift */; };
		883FCB4B2CA5A8BE0001DAAF /* SchemaV1.swift in Sources */ = {isa = PBXBuildFile; fileRef = 883FCB4A2CA5A8BE0001DAAF /* SchemaV1.swift */; };
		883FCB4E2CA5A8D30001DAAF /* MigrationPlan.swift in Sources */ = {isa = PBXBuildFile; fileRef = 883FCB4D2CA5A8D30001DAAF /* MigrationPlan.swift */; };
		883FCB512CA5A9A20001DAAF /* ItemDTOV1.swift in Sources */ = {isa = PBXBuildFile; fileRef = 883FCB502CA5A9A20001DAAF /* ItemDTOV1.swift */; };
		883FCB532CA5AA340001DAAF /* SchemaV2.swift in Sources */ = {isa = PBXBuildFile; fileRef = 883FCB522CA5AA340001DAAF /* SchemaV2.swift */; };
		883FCB552CA5AA720001DAAF /* ItemDTOV2.swift in Sources */ = {isa = PBXBuildFile; fileRef = 883FCB542CA5AA720001DAAF /* ItemDTOV2.swift */; };
		884CF6562C7F670200250026 /* LocalStorage.swift in Sources */ = {isa = PBXBuildFile; fileRef = 884CF6552C7F670200250026 /* LocalStorage.swift */; };
		884CF65E2C82018400250026 /* RoundRectangleButton.swift in Sources */ = {isa = PBXBuildFile; fileRef = 884CF65D2C82018400250026 /* RoundRectangleButton.swift */; };
		884CF6702C8201F900250026 /* AddButton.swift in Sources */ = {isa = PBXBuildFile; fileRef = 884CF6642C8201F900250026 /* AddButton.swift */; };
		884CF6762C8201F900250026 /* AspectRatioContainer.swift in Sources */ = {isa = PBXBuildFile; fileRef = 884CF66A2C8201F900250026 /* AspectRatioContainer.swift */; };
		884F5A6F2CF63025004228C6 /* GetItems.swift in Sources */ = {isa = PBXBuildFile; fileRef = 884F5A6E2CF63025004228C6 /* GetItems.swift */; };
		886064112C906B45003C7001 /* SwiftDataOutfitRepository.swift in Sources */ = {isa = PBXBuildFile; fileRef = 886064102C906B45003C7001 /* SwiftDataOutfitRepository.swift */; };
		886064132C90790D003C7001 /* Sequence+compactMapWithErrorLog.swift in Sources */ = {isa = PBXBuildFile; fileRef = 886064122C90790D003C7001 /* Sequence+compactMapWithErrorLog.swift */; };
		886232102C7CBDD900A1802D /* OOTDApp.swift in Sources */ = {isa = PBXBuildFile; fileRef = 8862320F2C7CBDD900A1802D /* OOTDApp.swift */; };
		886232142C7CBDDA00A1802D /* Assets.xcassets in Resources */ = {isa = PBXBuildFile; fileRef = 886232132C7CBDDA00A1802D /* Assets.xcassets */; };
		886232172C7CBDDA00A1802D /* Preview Assets.xcassets in Resources */ = {isa = PBXBuildFile; fileRef = 886232162C7CBDDA00A1802D /* Preview Assets.xcassets */; };
		886232212C7CBDDA00A1802D /* OOTDTests.swift in Sources */ = {isa = PBXBuildFile; fileRef = 886232202C7CBDDA00A1802D /* OOTDTests.swift */; };
		8862322B2C7CBDDA00A1802D /* OOTDUITests.swift in Sources */ = {isa = PBXBuildFile; fileRef = 8862322A2C7CBDDA00A1802D /* OOTDUITests.swift */; };
		8862322D2C7CBDDA00A1802D /* OOTDUITestsLaunchTests.swift in Sources */ = {isa = PBXBuildFile; fileRef = 8862322C2C7CBDDA00A1802D /* OOTDUITestsLaunchTests.swift */; };
		886232402C7CC08600A1802D /* ItemGrid.swift in Sources */ = {isa = PBXBuildFile; fileRef = 8862323F2C7CC08600A1802D /* ItemGrid.swift */; };
		886232432C7CC0E900A1802D /* HashableView.swift in Sources */ = {isa = PBXBuildFile; fileRef = 886232422C7CC0E900A1802D /* HashableView.swift */; };
		886232462C7CC11700A1802D /* Logger.swift in Sources */ = {isa = PBXBuildFile; fileRef = 886232452C7CC11700A1802D /* Logger.swift */; };
		886232492C7CC14300A1802D /* Item.swift in Sources */ = {isa = PBXBuildFile; fileRef = 886232482C7CC14300A1802D /* Item.swift */; };
		8862324D2C7CC23100A1802D /* SampleItemRepository.swift in Sources */ = {isa = PBXBuildFile; fileRef = 8862324A2C7CC23000A1802D /* SampleItemRepository.swift */; };
		8862324E2C7CC23100A1802D /* ItemRepository.swift in Sources */ = {isa = PBXBuildFile; fileRef = 8862324B2C7CC23000A1802D /* ItemRepository.swift */; };
		886232532C7CC2A700A1802D /* ItemStore.swift in Sources */ = {isa = PBXBuildFile; fileRef = 886232512C7CC2A700A1802D /* ItemStore.swift */; };
		886232572C7CC2EE00A1802D /* OutfitStore.swift in Sources */ = {isa = PBXBuildFile; fileRef = 886232552C7CC2EE00A1802D /* OutfitStore.swift */; };
		8862325D2C7CC2FF00A1802D /* OutfitRepository.swift in Sources */ = {isa = PBXBuildFile; fileRef = 886232592C7CC2FF00A1802D /* OutfitRepository.swift */; };
		8862325E2C7CC2FF00A1802D /* SampleOutfitRepository.swift in Sources */ = {isa = PBXBuildFile; fileRef = 8862325A2C7CC2FF00A1802D /* SampleOutfitRepository.swift */; };
		886232632C7CC32900A1802D /* Outfit.swift in Sources */ = {isa = PBXBuildFile; fileRef = 8862325F2C7CC32900A1802D /* Outfit.swift */; };
		886232652C7CC32900A1802D /* Category.swift in Sources */ = {isa = PBXBuildFile; fileRef = 886232612C7CC32900A1802D /* Category.swift */; };
		886232662C7CC32900A1802D /* OutfitGridTab.swift in Sources */ = {isa = PBXBuildFile; fileRef = 886232622C7CC32900A1802D /* OutfitGridTab.swift */; };
		886232682C7CC4C600A1802D /* Config.swift in Sources */ = {isa = PBXBuildFile; fileRef = 886232672C7CC4C600A1802D /* Config.swift */; };
		8862326A2C7CC4D600A1802D /* RepositoryType.swift in Sources */ = {isa = PBXBuildFile; fileRef = 886232692C7CC4D600A1802D /* RepositoryType.swift */; };
		8862326C2C7CC53C00A1802D /* DependencyInjector.swift in Sources */ = {isa = PBXBuildFile; fileRef = 8862326B2C7CC53C00A1802D /* DependencyInjector.swift */; };
		886232722C7CC65200A1802D /* ItemDetail.swift in Sources */ = {isa = PBXBuildFile; fileRef = 886232712C7CC65200A1802D /* ItemDetail.swift */; };
		886232772C7CC6CD00A1802D /* CachedAsyncImage in Frameworks */ = {isa = PBXBuildFile; productRef = 886232762C7CC6CD00A1802D /* CachedAsyncImage */; };
		886232792C7CC6EC00A1802D /* downloadImage.swift in Sources */ = {isa = PBXBuildFile; fileRef = 886232782C7CC6EC00A1802D /* downloadImage.swift */; };
		886232882C7CC71F00A1802D /* ImagePicker.swift in Sources */ = {isa = PBXBuildFile; fileRef = 8862327A2C7CC71E00A1802D /* ImagePicker.swift */; };
		886232892C7CC71F00A1802D /* SelectedItemsGrid.swift in Sources */ = {isa = PBXBuildFile; fileRef = 8862327B2C7CC71E00A1802D /* SelectedItemsGrid.swift */; };
		8862328A2C7CC71F00A1802D /* ImageCard.swift in Sources */ = {isa = PBXBuildFile; fileRef = 8862327C2C7CC71E00A1802D /* ImageCard.swift */; };
		8862328B2C7CC71F00A1802D /* OutfitCard.swift in Sources */ = {isa = PBXBuildFile; fileRef = 8862327D2C7CC71E00A1802D /* OutfitCard.swift */; };
		886232912C7CC71F00A1802D /* OutfitsRow.swift in Sources */ = {isa = PBXBuildFile; fileRef = 886232832C7CC71F00A1802D /* OutfitsRow.swift */; };
		886232982C7CC78B00A1802D /* ItemDeleteConfirmOutfitsSheet.swift in Sources */ = {isa = PBXBuildFile; fileRef = 886232972C7CC78B00A1802D /* ItemDeleteConfirmOutfitsSheet.swift */; };
		8862329A2C7CC7A900A1802D /* CategorySelectSheet.swift in Sources */ = {isa = PBXBuildFile; fileRef = 886232992C7CC7A900A1802D /* CategorySelectSheet.swift */; };
		886232A32C7CC7D100A1802D /* Array+asyncMap.swift in Sources */ = {isa = PBXBuildFile; fileRef = 8862329B2C7CC7D100A1802D /* Array+asyncMap.swift */; };
		886232A42C7CC7D100A1802D /* Color+textColorBasedOnBrightness.swift in Sources */ = {isa = PBXBuildFile; fileRef = 8862329C2C7CC7D100A1802D /* Color+textColorBasedOnBrightness.swift */; };
		886232A52C7CC7D100A1802D /* String+errorDescription.swift in Sources */ = {isa = PBXBuildFile; fileRef = 8862329D2C7CC7D100A1802D /* String+errorDescription.swift */; };
		886232A62C7CC7D100A1802D /* UIImage+resized.swift in Sources */ = {isa = PBXBuildFile; fileRef = 8862329E2C7CC7D100A1802D /* UIImage+resized.swift */; };
		886232A72C7CC7D100A1802D /* View+functionalModifier.swift in Sources */ = {isa = PBXBuildFile; fileRef = 8862329F2C7CC7D100A1802D /* View+functionalModifier.swift */; };
		886232A82C7CC7D100A1802D /* View+if.swift in Sources */ = {isa = PBXBuildFile; fileRef = 886232A02C7CC7D100A1802D /* View+if.swift */; };
		886232AD2C7CC9F500A1802D /* RootView.swift in Sources */ = {isa = PBXBuildFile; fileRef = 886232AC2C7CC9F500A1802D /* RootView.swift */; };
		886232B22C7CCA7800A1802D /* OutfitDetail.swift in Sources */ = {isa = PBXBuildFile; fileRef = 886232AE2C7CCA7800A1802D /* OutfitDetail.swift */; };
		886232B32C7CCA7800A1802D /* OutfitGrid.swift in Sources */ = {isa = PBXBuildFile; fileRef = 886232AF2C7CCA7800A1802D /* OutfitGrid.swift */; };
		886232B42C7CCA7800A1802D /* OutfitGridTabDetail.swift in Sources */ = {isa = PBXBuildFile; fileRef = 886232B02C7CCA7800A1802D /* OutfitGridTabDetail.swift */; };
		886232B52C7CCA7800A1802D /* UserInfoScreen.swift in Sources */ = {isa = PBXBuildFile; fileRef = 886232B12C7CCA7800A1802D /* UserInfoScreen.swift */; };
		886232B92C7CCB5000A1802D /* ItemCard.swift in Sources */ = {isa = PBXBuildFile; fileRef = 886232B82C7CCB5000A1802D /* ItemCard.swift */; };
		886232BD2C7CCC9100A1802D /* NavigationManager.swift in Sources */ = {isa = PBXBuildFile; fileRef = 886232BC2C7CCC9100A1802D /* NavigationManager.swift */; };
		889F34FC2CBF991100C5BD65 /* ItemGridTab.swift in Sources */ = {isa = PBXBuildFile; fileRef = 889F34FB2CBF991100C5BD65 /* ItemGridTab.swift */; };
		889F34FE2CBFDAC600C5BD65 /* ScrollableTabView.swift in Sources */ = {isa = PBXBuildFile; fileRef = 889F34FD2CBFDAC600C5BD65 /* ScrollableTabView.swift */; };
		88A350032CA86DD300021FBF /* SelectWebItemScreen.swift in Sources */ = {isa = PBXBuildFile; fileRef = 88A350022CA86DD300021FBF /* SelectWebItemScreen.swift */; };
		88AAE5AC2CC3EF5200DAEC0F /* FlowLayout.swift in Sources */ = {isa = PBXBuildFile; fileRef = 88AAE5AB2CC3EF5200DAEC0F /* FlowLayout.swift */; };
		88AAE5AE2CC4908F00DAEC0F /* MasonryVGrid.swift in Sources */ = {isa = PBXBuildFile; fileRef = 88AAE5AD2CC4908F00DAEC0F /* MasonryVGrid.swift */; };
		88B012AD2CC1341E00CD9153 /* EditableTagListView.swift in Sources */ = {isa = PBXBuildFile; fileRef = 88B012AC2CC1341E00CD9153 /* EditableTagListView.swift */; };
		88B012B12CC15F0900CD9153 /* SchemaV5.swift in Sources */ = {isa = PBXBuildFile; fileRef = 88B012B02CC15F0900CD9153 /* SchemaV5.swift */; };
		88B012B32CC15F2600CD9153 /* ItemDTOV5.swift in Sources */ = {isa = PBXBuildFile; fileRef = 88B012B22CC15F2600CD9153 /* ItemDTOV5.swift */; };
		88B012B72CC22FCB00CD9153 /* IconButton.swift in Sources */ = {isa = PBXBuildFile; fileRef = 88B012B62CC22FCB00CD9153 /* IconButton.swift */; };
		88B2BCE92C7E0E89008F45B7 /* SwiftDataItemRepository.swift in Sources */ = {isa = PBXBuildFile; fileRef = 88B2BCE82C7E0E89008F45B7 /* SwiftDataItemRepository.swift */; };
		88B8B7C32CE2417500131843 /* GoogleMobileAds in Frameworks */ = {isa = PBXBuildFile; productRef = 88B8B7C22CE2417500131843 /* GoogleMobileAds */; };
		88C00C3E2CAD7DF9007D83FF /* ACarousel in Frameworks */ = {isa = PBXBuildFile; productRef = 88C00C3D2CAD7DF9007D83FF /* ACarousel */; };
		88CD55942C8745C700A9B78A /* ItemAddSelectWebSiteScreen.swift in Sources */ = {isa = PBXBuildFile; fileRef = 88CD55932C8745C700A9B78A /* ItemAddSelectWebSiteScreen.swift */; };
		88CD559D2C8749E800A9B78A /* WebViewManager.swift in Sources */ = {isa = PBXBuildFile; fileRef = 88CD55972C8749E800A9B78A /* WebViewManager.swift */; };
		88CD559F2C8749E800A9B78A /* CustomWebView.swift in Sources */ = {isa = PBXBuildFile; fileRef = 88CD55992C8749E800A9B78A /* CustomWebView.swift */; };
		88CD55A02C8749E800A9B78A /* WKWebView+.swift in Sources */ = {isa = PBXBuildFile; fileRef = 88CD559A2C8749E800A9B78A /* WKWebView+.swift */; };
		88CD55A22C874E9800A9B78A /* SelectWebImageScreen.swift in Sources */ = {isa = PBXBuildFile; fileRef = 88CD55A12C874E9800A9B78A /* SelectWebImageScreen.swift */; };
		88CD55A42C8755CD00A9B78A /* Scraper.swift in Sources */ = {isa = PBXBuildFile; fileRef = 88CD55A32C8755CD00A9B78A /* Scraper.swift */; };
		88CD55A72C8755E700A9B78A /* SwiftSoup in Frameworks */ = {isa = PBXBuildFile; productRef = 88CD55A62C8755E700A9B78A /* SwiftSoup */; };
		88D8EF0E2CE231630070AD8D /* AdBanner.swift in Sources */ = {isa = PBXBuildFile; fileRef = 88D8EF0D2CE231630070AD8D /* AdBanner.swift */; };
		88E3DC112CC682030006D201 /* OutfitDTOV5.swift in Sources */ = {isa = PBXBuildFile; fileRef = 88E3DC102CC682030006D201 /* OutfitDTOV5.swift */; };
		88E3DC192CC686830006D201 /* main.swift in Sources */ = {isa = PBXBuildFile; fileRef = 88E3DC182CC686830006D201 /* main.swift */; };
		88E3DC362CC68B690006D201 /* ItemDTOV6.swift in Sources */ = {isa = PBXBuildFile; fileRef = 88E3DC322CC68B690006D201 /* ItemDTOV6.swift */; };
		88E3DC372CC68B690006D201 /* OutfitDTOV6.swift in Sources */ = {isa = PBXBuildFile; fileRef = 88E3DC332CC68B690006D201 /* OutfitDTOV6.swift */; };
		88E3DC382CC68B690006D201 /* SchemaV6.swift in Sources */ = {isa = PBXBuildFile; fileRef = 88E3DC342CC68B690006D201 /* SchemaV6.swift */; };
		88E3DC3E2CC7D8FF0006D201 /* ItemDTOV7.swift in Sources */ = {isa = PBXBuildFile; fileRef = 88E3DC3A2CC7D8FF0006D201 /* ItemDTOV7.swift */; };
		88E3DC3F2CC7D8FF0006D201 /* OutfitDTOV7.swift in Sources */ = {isa = PBXBuildFile; fileRef = 88E3DC3B2CC7D8FF0006D201 /* OutfitDTOV7.swift */; };
		88E3DC402CC7D8FF0006D201 /* SchemaV7.swift in Sources */ = {isa = PBXBuildFile; fileRef = 88E3DC3C2CC7D8FF0006D201 /* SchemaV7.swift */; };
/* End PBXBuildFile section */

/* Begin PBXContainerItemProxy section */
		8862321D2C7CBDDA00A1802D /* PBXContainerItemProxy */ = {
			isa = PBXContainerItemProxy;
			containerPortal = 886232042C7CBDD900A1802D /* Project object */;
			proxyType = 1;
			remoteGlobalIDString = 8862320B2C7CBDD900A1802D;
			remoteInfo = OOTD;
		};
		886232272C7CBDDA00A1802D /* PBXContainerItemProxy */ = {
			isa = PBXContainerItemProxy;
			containerPortal = 886232042C7CBDD900A1802D /* Project object */;
			proxyType = 1;
			remoteGlobalIDString = 8862320B2C7CBDD900A1802D;
			remoteInfo = OOTD;
		};
/* End PBXContainerItemProxy section */

/* Begin PBXCopyFilesBuildPhase section */
		88B8B7BE2CE2339700131843 /* Embed Frameworks */ = {
			isa = PBXCopyFilesBuildPhase;
			buildActionMask = 2147483647;
			dstPath = "";
			dstSubfolderSpec = 10;
			files = (
			);
			name = "Embed Frameworks";
			runOnlyForDeploymentPostprocessing = 0;
		};
		88E3DC142CC686830006D201 /* CopyFiles */ = {
			isa = PBXCopyFilesBuildPhase;
			buildActionMask = 2147483647;
			dstPath = /usr/share/man/man1/;
			dstSubfolderSpec = 0;
			files = (
			);
			runOnlyForDeploymentPostprocessing = 1;
		};
/* End PBXCopyFilesBuildPhase section */

/* Begin PBXFileReference section */
		88004E1F2CB42F9000A80A80 /* EcPurchaseHistory.swift */ = {isa = PBXFileReference; lastKnownFileType = sourcecode.swift; path = EcPurchaseHistory.swift; sourceTree = "<group>"; };
		88004E232CB4302100A80A80 /* EcItemDetail.swift */ = {isa = PBXFileReference; lastKnownFileType = sourcecode.swift; path = EcItemDetail.swift; sourceTree = "<group>"; };
		88004E262CB430B800A80A80 /* ZozoPurchaseHistory.swift */ = {isa = PBXFileReference; lastKnownFileType = sourcecode.swift; path = ZozoPurchaseHistory.swift; sourceTree = "<group>"; };
		88004E282CB4326300A80A80 /* GuPurchaseHistory.swift */ = {isa = PBXFileReference; lastKnownFileType = sourcecode.swift; path = GuPurchaseHistory.swift; sourceTree = "<group>"; };
		88004E2A2CB4337300A80A80 /* UniqloPurchaseHistory.swift */ = {isa = PBXFileReference; lastKnownFileType = sourcecode.swift; path = UniqloPurchaseHistory.swift; sourceTree = "<group>"; };
		88004E2C2CB4363700A80A80 /* ZozoItemDetail.swift */ = {isa = PBXFileReference; lastKnownFileType = sourcecode.swift; path = ZozoItemDetail.swift; sourceTree = "<group>"; };
		88004E2E2CB4374E00A80A80 /* ZozoPage.swift */ = {isa = PBXFileReference; lastKnownFileType = sourcecode.swift; path = ZozoPage.swift; sourceTree = "<group>"; };
		88004E302CB43BF400A80A80 /* DefaultPurchaseHistory.swift */ = {isa = PBXFileReference; lastKnownFileType = sourcecode.swift; path = DefaultPurchaseHistory.swift; sourceTree = "<group>"; };
		88004E362CB5496000A80A80 /* UniqloItemDetail.swift */ = {isa = PBXFileReference; lastKnownFileType = sourcecode.swift; path = UniqloItemDetail.swift; sourceTree = "<group>"; };
		88004E462CB58D2000A80A80 /* FirstRetailingPage.swift */ = {isa = PBXFileReference; lastKnownFileType = sourcecode.swift; path = FirstRetailingPage.swift; sourceTree = "<group>"; };
		88004E482CB7E8F600A80A80 /* String+extract.swift */ = {isa = PBXFileReference; lastKnownFileType = sourcecode.swift; path = "String+extract.swift"; sourceTree = "<group>"; };
		88004E4A2CB9552A00A80A80 /* doWithErrorLog.swift */ = {isa = PBXFileReference; lastKnownFileType = sourcecode.swift; path = doWithErrorLog.swift; sourceTree = "<group>"; };
		88004E4C2CBBF82400A80A80 /* LocalJsonItemRepository.swift */ = {isa = PBXFileReference; lastKnownFileType = sourcecode.swift; path = LocalJsonItemRepository.swift; sourceTree = "<group>"; };
		88004E4E2CBE35EF00A80A80 /* LocalJsonOutfitRepository.swift */ = {isa = PBXFileReference; lastKnownFileType = sourcecode.swift; path = LocalJsonOutfitRepository.swift; sourceTree = "<group>"; };
		881B6B592CA5BAC7008274FF /* SchemaV3.swift */ = {isa = PBXFileReference; lastKnownFileType = sourcecode.swift; path = SchemaV3.swift; sourceTree = "<group>"; };
		881B6B5B2CA5BAD6008274FF /* ItemDTOV3.swift */ = {isa = PBXFileReference; lastKnownFileType = sourcecode.swift; path = ItemDTOV3.swift; sourceTree = "<group>"; };
		881B6B5D2CA5C250008274FF /* Date+toString.swift */ = {isa = PBXFileReference; lastKnownFileType = sourcecode.swift; path = "Date+toString.swift"; sourceTree = "<group>"; };
		881B6B5F2CA650A7008274FF /* ItemDTOV4.swift */ = {isa = PBXFileReference; lastKnownFileType = sourcecode.swift; path = ItemDTOV4.swift; sourceTree = "<group>"; };
		881B6B612CA650B1008274FF /* SchemaV4.swift */ = {isa = PBXFileReference; lastKnownFileType = sourcecode.swift; path = SchemaV4.swift; sourceTree = "<group>"; };
		881B6B632CA6D49A008274FF /* Date+initYMD.swift */ = {isa = PBXFileReference; lastKnownFileType = sourcecode.swift; path = "Date+initYMD.swift"; sourceTree = "<group>"; };
		881B6B652CA83D77008274FF /* WebItemDetail.swift */ = {isa = PBXFileReference; lastKnownFileType = sourcecode.swift; path = WebItemDetail.swift; sourceTree = "<group>"; };
		88216DC02CAED676005B53BA /* GuItemDetail.swift */ = {isa = PBXFileReference; lastKnownFileType = sourcecode.swift; path = GuItemDetail.swift; sourceTree = "<group>"; };
		882C84642CC9338A007DF349 /* compareOptional.swift */ = {isa = PBXFileReference; lastKnownFileType = sourcecode.swift; path = compareOptional.swift; sourceTree = "<group>"; };
		882D9FC22CC946C5003A1338 /* SelectSheet.swift */ = {isa = PBXFileReference; lastKnownFileType = sourcecode.swift; path = SelectSheet.swift; sourceTree = "<group>"; };
		882D9FC42CCA80DD003A1338 /* request.swift */ = {isa = PBXFileReference; lastKnownFileType = sourcecode.swift; path = request.swift; sourceTree = "<group>"; };
		883B54482C8DD5B8007DB1E8 /* CropView.swift */ = {isa = PBXFileReference; lastKnownFileType = sourcecode.swift; path = CropView.swift; sourceTree = "<group>"; };
		883FCB2D2C90815F0001DAAF /* SwiftDataManager.swift */ = {isa = PBXFileReference; lastKnownFileType = sourcecode.swift; path = SwiftDataManager.swift; sourceTree = "<group>"; };
		883FCB312C9489780001DAAF /* KeyChainHelper.swift */ = {isa = PBXFileReference; lastKnownFileType = sourcecode.swift; path = KeyChainHelper.swift; sourceTree = "<group>"; };
		883FCB362C9671870001DAAF /* String+matches.swift */ = {isa = PBXFileReference; lastKnownFileType = sourcecode.swift; path = "String+matches.swift"; sourceTree = "<group>"; };
		883FCB382C9674060001DAAF /* Sequence+unique.swift */ = {isa = PBXFileReference; lastKnownFileType = sourcecode.swift; path = "Sequence+unique.swift"; sourceTree = "<group>"; };
		883FCB3C2C986B060001DAAF /* SearchBar.swift */ = {isa = PBXFileReference; lastKnownFileType = sourcecode.swift; path = SearchBar.swift; sourceTree = "<group>"; };
		883FCB3E2C99BB560001DAAF /* Color+gray.swift */ = {isa = PBXFileReference; lastKnownFileType = sourcecode.swift; path = "Color+gray.swift"; sourceTree = "<group>"; };
		883FCB402C99C82E0001DAAF /* View+edgeSwipe.swift */ = {isa = PBXFileReference; lastKnownFileType = sourcecode.swift; path = "View+edgeSwipe.swift"; sourceTree = "<group>"; };
		883FCB422C9B25690001DAAF /* ImageSource.swift */ = {isa = PBXFileReference; lastKnownFileType = sourcecode.swift; path = ImageSource.swift; sourceTree = "<group>"; };
		883FCB442C9C5F4C0001DAAF /* DetailMode.swift */ = {isa = PBXFileReference; lastKnownFileType = sourcecode.swift; path = DetailMode.swift; sourceTree = "<group>"; };
		883FCB4A2CA5A8BE0001DAAF /* SchemaV1.swift */ = {isa = PBXFileReference; lastKnownFileType = sourcecode.swift; path = SchemaV1.swift; sourceTree = "<group>"; };
		883FCB4D2CA5A8D30001DAAF /* MigrationPlan.swift */ = {isa = PBXFileReference; lastKnownFileType = sourcecode.swift; path = MigrationPlan.swift; sourceTree = "<group>"; };
		883FCB502CA5A9A20001DAAF /* ItemDTOV1.swift */ = {isa = PBXFileReference; lastKnownFileType = sourcecode.swift; path = ItemDTOV1.swift; sourceTree = "<group>"; };
		883FCB522CA5AA340001DAAF /* SchemaV2.swift */ = {isa = PBXFileReference; lastKnownFileType = sourcecode.swift; path = SchemaV2.swift; sourceTree = "<group>"; };
		883FCB542CA5AA720001DAAF /* ItemDTOV2.swift */ = {isa = PBXFileReference; lastKnownFileType = sourcecode.swift; path = ItemDTOV2.swift; sourceTree = "<group>"; };
		884CF6522C7F597600250026 /* sample.xcconfig */ = {isa = PBXFileReference; lastKnownFileType = text.xcconfig; path = sample.xcconfig; sourceTree = "<group>"; };
		884CF6532C7F599300250026 /* swiftData.xcconfig */ = {isa = PBXFileReference; lastKnownFileType = text.xcconfig; path = swiftData.xcconfig; sourceTree = "<group>"; };
		884CF6542C7F5F1800250026 /* Info.plist */ = {isa = PBXFileReference; lastKnownFileType = text.plist; path = Info.plist; sourceTree = "<group>"; };
		884CF6552C7F670200250026 /* LocalStorage.swift */ = {isa = PBXFileReference; lastKnownFileType = sourcecode.swift; path = LocalStorage.swift; sourceTree = "<group>"; };
		884CF65D2C82018400250026 /* RoundRectangleButton.swift */ = {isa = PBXFileReference; fileEncoding = 4; lastKnownFileType = sourcecode.swift; path = RoundRectangleButton.swift; sourceTree = "<group>"; };
		884CF6642C8201F900250026 /* AddButton.swift */ = {isa = PBXFileReference; fileEncoding = 4; lastKnownFileType = sourcecode.swift; path = AddButton.swift; sourceTree = "<group>"; };
		884CF66A2C8201F900250026 /* AspectRatioContainer.swift */ = {isa = PBXFileReference; fileEncoding = 4; lastKnownFileType = sourcecode.swift; path = AspectRatioContainer.swift; sourceTree = "<group>"; };
		884F5A6E2CF63025004228C6 /* GetItems.swift */ = {isa = PBXFileReference; lastKnownFileType = sourcecode.swift; name = GetItems.swift; path = "../../../../../.Trash/UseCases 1.34.21/Item/GetItems.swift"; sourceTree = "<group>"; };
		886064102C906B45003C7001 /* SwiftDataOutfitRepository.swift */ = {isa = PBXFileReference; lastKnownFileType = sourcecode.swift; path = SwiftDataOutfitRepository.swift; sourceTree = "<group>"; };
		886064122C90790D003C7001 /* Sequence+compactMapWithErrorLog.swift */ = {isa = PBXFileReference; lastKnownFileType = sourcecode.swift; path = "Sequence+compactMapWithErrorLog.swift"; sourceTree = "<group>"; };
		8862320C2C7CBDD900A1802D /* OOTD.app */ = {isa = PBXFileReference; explicitFileType = wrapper.application; includeInIndex = 0; path = OOTD.app; sourceTree = BUILT_PRODUCTS_DIR; };
		8862320F2C7CBDD900A1802D /* OOTDApp.swift */ = {isa = PBXFileReference; lastKnownFileType = sourcecode.swift; path = OOTDApp.swift; sourceTree = "<group>"; };
		886232132C7CBDDA00A1802D /* Assets.xcassets */ = {isa = PBXFileReference; lastKnownFileType = folder.assetcatalog; path = Assets.xcassets; sourceTree = "<group>"; };
		886232162C7CBDDA00A1802D /* Preview Assets.xcassets */ = {isa = PBXFileReference; lastKnownFileType = folder.assetcatalog; path = "Preview Assets.xcassets"; sourceTree = "<group>"; };
		8862321C2C7CBDDA00A1802D /* OOTDTests.xctest */ = {isa = PBXFileReference; explicitFileType = wrapper.cfbundle; includeInIndex = 0; path = OOTDTests.xctest; sourceTree = BUILT_PRODUCTS_DIR; };
		886232202C7CBDDA00A1802D /* OOTDTests.swift */ = {isa = PBXFileReference; lastKnownFileType = sourcecode.swift; path = OOTDTests.swift; sourceTree = "<group>"; };
		886232262C7CBDDA00A1802D /* OOTDUITests.xctest */ = {isa = PBXFileReference; explicitFileType = wrapper.cfbundle; includeInIndex = 0; path = OOTDUITests.xctest; sourceTree = BUILT_PRODUCTS_DIR; };
		8862322A2C7CBDDA00A1802D /* OOTDUITests.swift */ = {isa = PBXFileReference; lastKnownFileType = sourcecode.swift; path = OOTDUITests.swift; sourceTree = "<group>"; };
		8862322C2C7CBDDA00A1802D /* OOTDUITestsLaunchTests.swift */ = {isa = PBXFileReference; lastKnownFileType = sourcecode.swift; path = OOTDUITestsLaunchTests.swift; sourceTree = "<group>"; };
		8862323F2C7CC08600A1802D /* ItemGrid.swift */ = {isa = PBXFileReference; lastKnownFileType = sourcecode.swift; path = ItemGrid.swift; sourceTree = "<group>"; };
		886232422C7CC0E900A1802D /* HashableView.swift */ = {isa = PBXFileReference; lastKnownFileType = sourcecode.swift; path = HashableView.swift; sourceTree = "<group>"; };
		886232452C7CC11700A1802D /* Logger.swift */ = {isa = PBXFileReference; lastKnownFileType = sourcecode.swift; path = Logger.swift; sourceTree = "<group>"; };
		886232482C7CC14300A1802D /* Item.swift */ = {isa = PBXFileReference; lastKnownFileType = sourcecode.swift; path = Item.swift; sourceTree = "<group>"; };
		8862324A2C7CC23000A1802D /* SampleItemRepository.swift */ = {isa = PBXFileReference; fileEncoding = 4; lastKnownFileType = sourcecode.swift; path = SampleItemRepository.swift; sourceTree = "<group>"; };
		8862324B2C7CC23000A1802D /* ItemRepository.swift */ = {isa = PBXFileReference; fileEncoding = 4; lastKnownFileType = sourcecode.swift; path = ItemRepository.swift; sourceTree = "<group>"; };
		886232512C7CC2A700A1802D /* ItemStore.swift */ = {isa = PBXFileReference; fileEncoding = 4; lastKnownFileType = sourcecode.swift; path = ItemStore.swift; sourceTree = "<group>"; };
		886232552C7CC2EE00A1802D /* OutfitStore.swift */ = {isa = PBXFileReference; fileEncoding = 4; lastKnownFileType = sourcecode.swift; path = OutfitStore.swift; sourceTree = "<group>"; };
		886232592C7CC2FF00A1802D /* OutfitRepository.swift */ = {isa = PBXFileReference; fileEncoding = 4; lastKnownFileType = sourcecode.swift; path = OutfitRepository.swift; sourceTree = "<group>"; };
		8862325A2C7CC2FF00A1802D /* SampleOutfitRepository.swift */ = {isa = PBXFileReference; fileEncoding = 4; lastKnownFileType = sourcecode.swift; path = SampleOutfitRepository.swift; sourceTree = "<group>"; };
		8862325F2C7CC32900A1802D /* Outfit.swift */ = {isa = PBXFileReference; fileEncoding = 4; lastKnownFileType = sourcecode.swift; path = Outfit.swift; sourceTree = "<group>"; };
		886232612C7CC32900A1802D /* Category.swift */ = {isa = PBXFileReference; fileEncoding = 4; lastKnownFileType = sourcecode.swift; path = Category.swift; sourceTree = "<group>"; };
		886232622C7CC32900A1802D /* OutfitGridTab.swift */ = {isa = PBXFileReference; fileEncoding = 4; lastKnownFileType = sourcecode.swift; path = OutfitGridTab.swift; sourceTree = "<group>"; };
		886232672C7CC4C600A1802D /* Config.swift */ = {isa = PBXFileReference; fileEncoding = 4; lastKnownFileType = sourcecode.swift; path = Config.swift; sourceTree = "<group>"; };
		886232692C7CC4D600A1802D /* RepositoryType.swift */ = {isa = PBXFileReference; lastKnownFileType = sourcecode.swift; path = RepositoryType.swift; sourceTree = "<group>"; };
		8862326B2C7CC53C00A1802D /* DependencyInjector.swift */ = {isa = PBXFileReference; fileEncoding = 4; lastKnownFileType = sourcecode.swift; path = DependencyInjector.swift; sourceTree = "<group>"; };
		886232712C7CC65200A1802D /* ItemDetail.swift */ = {isa = PBXFileReference; fileEncoding = 4; lastKnownFileType = sourcecode.swift; path = ItemDetail.swift; sourceTree = "<group>"; };
		886232782C7CC6EC00A1802D /* downloadImage.swift */ = {isa = PBXFileReference; fileEncoding = 4; lastKnownFileType = sourcecode.swift; path = downloadImage.swift; sourceTree = "<group>"; };
		8862327A2C7CC71E00A1802D /* ImagePicker.swift */ = {isa = PBXFileReference; fileEncoding = 4; lastKnownFileType = sourcecode.swift; path = ImagePicker.swift; sourceTree = "<group>"; };
		8862327B2C7CC71E00A1802D /* SelectedItemsGrid.swift */ = {isa = PBXFileReference; fileEncoding = 4; lastKnownFileType = sourcecode.swift; path = SelectedItemsGrid.swift; sourceTree = "<group>"; };
		8862327C2C7CC71E00A1802D /* ImageCard.swift */ = {isa = PBXFileReference; fileEncoding = 4; lastKnownFileType = sourcecode.swift; path = ImageCard.swift; sourceTree = "<group>"; };
		8862327D2C7CC71E00A1802D /* OutfitCard.swift */ = {isa = PBXFileReference; fileEncoding = 4; lastKnownFileType = sourcecode.swift; path = OutfitCard.swift; sourceTree = "<group>"; };
		886232832C7CC71F00A1802D /* OutfitsRow.swift */ = {isa = PBXFileReference; fileEncoding = 4; lastKnownFileType = sourcecode.swift; path = OutfitsRow.swift; sourceTree = "<group>"; };
		886232972C7CC78B00A1802D /* ItemDeleteConfirmOutfitsSheet.swift */ = {isa = PBXFileReference; fileEncoding = 4; lastKnownFileType = sourcecode.swift; path = ItemDeleteConfirmOutfitsSheet.swift; sourceTree = "<group>"; };
		886232992C7CC7A900A1802D /* CategorySelectSheet.swift */ = {isa = PBXFileReference; fileEncoding = 4; lastKnownFileType = sourcecode.swift; path = CategorySelectSheet.swift; sourceTree = "<group>"; };
		8862329B2C7CC7D100A1802D /* Array+asyncMap.swift */ = {isa = PBXFileReference; fileEncoding = 4; lastKnownFileType = sourcecode.swift; path = "Array+asyncMap.swift"; sourceTree = "<group>"; };
		8862329C2C7CC7D100A1802D /* Color+textColorBasedOnBrightness.swift */ = {isa = PBXFileReference; fileEncoding = 4; lastKnownFileType = sourcecode.swift; path = "Color+textColorBasedOnBrightness.swift"; sourceTree = "<group>"; };
		8862329D2C7CC7D100A1802D /* String+errorDescription.swift */ = {isa = PBXFileReference; fileEncoding = 4; lastKnownFileType = sourcecode.swift; path = "String+errorDescription.swift"; sourceTree = "<group>"; };
		8862329E2C7CC7D100A1802D /* UIImage+resized.swift */ = {isa = PBXFileReference; fileEncoding = 4; lastKnownFileType = sourcecode.swift; path = "UIImage+resized.swift"; sourceTree = "<group>"; };
		8862329F2C7CC7D100A1802D /* View+functionalModifier.swift */ = {isa = PBXFileReference; fileEncoding = 4; lastKnownFileType = sourcecode.swift; path = "View+functionalModifier.swift"; sourceTree = "<group>"; };
		886232A02C7CC7D100A1802D /* View+if.swift */ = {isa = PBXFileReference; fileEncoding = 4; lastKnownFileType = sourcecode.swift; path = "View+if.swift"; sourceTree = "<group>"; };
		886232AC2C7CC9F500A1802D /* RootView.swift */ = {isa = PBXFileReference; fileEncoding = 4; lastKnownFileType = sourcecode.swift; path = RootView.swift; sourceTree = "<group>"; };
		886232AE2C7CCA7800A1802D /* OutfitDetail.swift */ = {isa = PBXFileReference; fileEncoding = 4; lastKnownFileType = sourcecode.swift; path = OutfitDetail.swift; sourceTree = "<group>"; };
		886232AF2C7CCA7800A1802D /* OutfitGrid.swift */ = {isa = PBXFileReference; fileEncoding = 4; lastKnownFileType = sourcecode.swift; path = OutfitGrid.swift; sourceTree = "<group>"; };
		886232B02C7CCA7800A1802D /* OutfitGridTabDetail.swift */ = {isa = PBXFileReference; fileEncoding = 4; lastKnownFileType = sourcecode.swift; path = OutfitGridTabDetail.swift; sourceTree = "<group>"; };
		886232B12C7CCA7800A1802D /* UserInfoScreen.swift */ = {isa = PBXFileReference; fileEncoding = 4; lastKnownFileType = sourcecode.swift; path = UserInfoScreen.swift; sourceTree = "<group>"; };
		886232B82C7CCB5000A1802D /* ItemCard.swift */ = {isa = PBXFileReference; lastKnownFileType = sourcecode.swift; path = ItemCard.swift; sourceTree = "<group>"; };
		886232BC2C7CCC9100A1802D /* NavigationManager.swift */ = {isa = PBXFileReference; fileEncoding = 4; lastKnownFileType = sourcecode.swift; path = NavigationManager.swift; sourceTree = "<group>"; };
		889F34FB2CBF991100C5BD65 /* ItemGridTab.swift */ = {isa = PBXFileReference; lastKnownFileType = sourcecode.swift; path = ItemGridTab.swift; sourceTree = "<group>"; };
		889F34FD2CBFDAC600C5BD65 /* ScrollableTabView.swift */ = {isa = PBXFileReference; lastKnownFileType = sourcecode.swift; path = ScrollableTabView.swift; sourceTree = "<group>"; };
		88A350022CA86DD300021FBF /* SelectWebItemScreen.swift */ = {isa = PBXFileReference; lastKnownFileType = sourcecode.swift; path = SelectWebItemScreen.swift; sourceTree = "<group>"; };
		88AAE5AB2CC3EF5200DAEC0F /* FlowLayout.swift */ = {isa = PBXFileReference; lastKnownFileType = sourcecode.swift; path = FlowLayout.swift; sourceTree = "<group>"; };
		88AAE5AD2CC4908F00DAEC0F /* MasonryVGrid.swift */ = {isa = PBXFileReference; lastKnownFileType = sourcecode.swift; path = MasonryVGrid.swift; sourceTree = "<group>"; };
		88B012AC2CC1341E00CD9153 /* EditableTagListView.swift */ = {isa = PBXFileReference; lastKnownFileType = sourcecode.swift; path = EditableTagListView.swift; sourceTree = "<group>"; };
		88B012B02CC15F0900CD9153 /* SchemaV5.swift */ = {isa = PBXFileReference; lastKnownFileType = sourcecode.swift; path = SchemaV5.swift; sourceTree = "<group>"; };
		88B012B22CC15F2600CD9153 /* ItemDTOV5.swift */ = {isa = PBXFileReference; lastKnownFileType = sourcecode.swift; path = ItemDTOV5.swift; sourceTree = "<group>"; };
		88B012B62CC22FCB00CD9153 /* IconButton.swift */ = {isa = PBXFileReference; lastKnownFileType = sourcecode.swift; path = IconButton.swift; sourceTree = "<group>"; };
		88B2BCE82C7E0E89008F45B7 /* SwiftDataItemRepository.swift */ = {isa = PBXFileReference; lastKnownFileType = sourcecode.swift; path = SwiftDataItemRepository.swift; sourceTree = "<group>"; };
		88CD55932C8745C700A9B78A /* ItemAddSelectWebSiteScreen.swift */ = {isa = PBXFileReference; lastKnownFileType = sourcecode.swift; path = ItemAddSelectWebSiteScreen.swift; sourceTree = "<group>"; };
		88CD55972C8749E800A9B78A /* WebViewManager.swift */ = {isa = PBXFileReference; fileEncoding = 4; lastKnownFileType = sourcecode.swift; path = WebViewManager.swift; sourceTree = "<group>"; };
		88CD55992C8749E800A9B78A /* CustomWebView.swift */ = {isa = PBXFileReference; fileEncoding = 4; lastKnownFileType = sourcecode.swift; path = CustomWebView.swift; sourceTree = "<group>"; };
		88CD559A2C8749E800A9B78A /* WKWebView+.swift */ = {isa = PBXFileReference; fileEncoding = 4; lastKnownFileType = sourcecode.swift; path = "WKWebView+.swift"; sourceTree = "<group>"; };
		88CD55A12C874E9800A9B78A /* SelectWebImageScreen.swift */ = {isa = PBXFileReference; fileEncoding = 4; lastKnownFileType = sourcecode.swift; path = SelectWebImageScreen.swift; sourceTree = "<group>"; };
		88CD55A32C8755CD00A9B78A /* Scraper.swift */ = {isa = PBXFileReference; fileEncoding = 4; lastKnownFileType = sourcecode.swift; path = Scraper.swift; sourceTree = "<group>"; };
		88D8EF0D2CE231630070AD8D /* AdBanner.swift */ = {isa = PBXFileReference; lastKnownFileType = sourcecode.swift; path = AdBanner.swift; sourceTree = "<group>"; };
		88DDFC0A2CF359180022BA8F /* qa.xcconfig */ = {isa = PBXFileReference; lastKnownFileType = text.xcconfig; path = qa.xcconfig; sourceTree = "<group>"; };
		88E3DC102CC682030006D201 /* OutfitDTOV5.swift */ = {isa = PBXFileReference; lastKnownFileType = sourcecode.swift; path = OutfitDTOV5.swift; sourceTree = "<group>"; };
		88E3DC162CC686830006D201 /* updateSwiftDataSchema */ = {isa = PBXFileReference; explicitFileType = "compiled.mach-o.executable"; includeInIndex = 0; path = updateSwiftDataSchema; sourceTree = BUILT_PRODUCTS_DIR; };
		88E3DC182CC686830006D201 /* main.swift */ = {isa = PBXFileReference; lastKnownFileType = sourcecode.swift; path = main.swift; sourceTree = "<group>"; };
		88E3DC322CC68B690006D201 /* ItemDTOV6.swift */ = {isa = PBXFileReference; fileEncoding = 4; lastKnownFileType = sourcecode.swift; path = ItemDTOV6.swift; sourceTree = "<group>"; };
		88E3DC332CC68B690006D201 /* OutfitDTOV6.swift */ = {isa = PBXFileReference; fileEncoding = 4; lastKnownFileType = sourcecode.swift; path = OutfitDTOV6.swift; sourceTree = "<group>"; };
		88E3DC342CC68B690006D201 /* SchemaV6.swift */ = {isa = PBXFileReference; fileEncoding = 4; lastKnownFileType = sourcecode.swift; path = SchemaV6.swift; sourceTree = "<group>"; };
		88E3DC392CC68FA10006D201 /* production.xcconfig */ = {isa = PBXFileReference; lastKnownFileType = text.xcconfig; path = production.xcconfig; sourceTree = "<group>"; };
		88E3DC3A2CC7D8FF0006D201 /* ItemDTOV7.swift */ = {isa = PBXFileReference; fileEncoding = 4; lastKnownFileType = sourcecode.swift; path = ItemDTOV7.swift; sourceTree = "<group>"; };
		88E3DC3B2CC7D8FF0006D201 /* OutfitDTOV7.swift */ = {isa = PBXFileReference; fileEncoding = 4; lastKnownFileType = sourcecode.swift; path = OutfitDTOV7.swift; sourceTree = "<group>"; };
		88E3DC3C2CC7D8FF0006D201 /* SchemaV7.swift */ = {isa = PBXFileReference; fileEncoding = 4; lastKnownFileType = sourcecode.swift; path = SchemaV7.swift; sourceTree = "<group>"; };
/* End PBXFileReference section */

/* Begin PBXFrameworksBuildPhase section */
		886232092C7CBDD900A1802D /* Frameworks */ = {
			isa = PBXFrameworksBuildPhase;
			buildActionMask = 2147483647;
			files = (
				88B8B7C32CE2417500131843 /* GoogleMobileAds in Frameworks */,
				883B54452C8DD547007DB1E8 /* BrightroomEngine in Frameworks */,
				886232772C7CC6CD00A1802D /* CachedAsyncImage in Frameworks */,
				88CD55A72C8755E700A9B78A /* SwiftSoup in Frameworks */,
				883B54472C8DD547007DB1E8 /* BrightroomUI in Frameworks */,
				88C00C3E2CAD7DF9007D83FF /* ACarousel in Frameworks */,
			);
			runOnlyForDeploymentPostprocessing = 0;
		};
		886232192C7CBDDA00A1802D /* Frameworks */ = {
			isa = PBXFrameworksBuildPhase;
			buildActionMask = 2147483647;
			files = (
			);
			runOnlyForDeploymentPostprocessing = 0;
		};
		886232232C7CBDDA00A1802D /* Frameworks */ = {
			isa = PBXFrameworksBuildPhase;
			buildActionMask = 2147483647;
			files = (
			);
			runOnlyForDeploymentPostprocessing = 0;
		};
		88E3DC132CC686830006D201 /* Frameworks */ = {
			isa = PBXFrameworksBuildPhase;
			buildActionMask = 2147483647;
			files = (
			);
			runOnlyForDeploymentPostprocessing = 0;
		};
/* End PBXFrameworksBuildPhase section */

/* Begin PBXGroup section */
		88004E432CB561C400A80A80 /* Frameworks */ = {
			isa = PBXGroup;
			children = (
			);
			name = Frameworks;
			sourceTree = "<group>";
		};
		883FCB492CA5A8620001DAAF /* SwiftData */ = {
			isa = PBXGroup;
			children = (
				883FCB4C2CA5A8C20001DAAF /* Schemas */,
				883FCB2D2C90815F0001DAAF /* SwiftDataManager.swift */,
				883FCB4D2CA5A8D30001DAAF /* MigrationPlan.swift */,
			);
			path = SwiftData;
			sourceTree = "<group>";
		};
		883FCB4C2CA5A8C20001DAAF /* Schemas */ = {
			isa = PBXGroup;
			children = (
				88E3DC3D2CC7D8FF0006D201 /* V7 */,
				88E3DC352CC68B690006D201 /* V6 */,
				88AAE5B62CC64F5200DAEC0F /* V5 */,
				88AAE5B52CC64F3900DAEC0F /* V4 */,
				88AAE5B42CC64F3600DAEC0F /* V3 */,
				88AAE5B32CC64F3200DAEC0F /* V2 */,
				88AAE5B22CC64F2D00DAEC0F /* V1 */,
			);
			path = Schemas;
			sourceTree = "<group>";
		};
		884CF6512C7F596000250026 /* xcconfig */ = {
			isa = PBXGroup;
			children = (
				884CF6522C7F597600250026 /* sample.xcconfig */,
				884CF6532C7F599300250026 /* swiftData.xcconfig */,
				88DDFC0A2CF359180022BA8F /* qa.xcconfig */,
				88E3DC392CC68FA10006D201 /* production.xcconfig */,
			);
			path = xcconfig;
			sourceTree = "<group>";
		};
		884F5A5A2CF62D1D004228C6 /* Buttons */ = {
			isa = PBXGroup;
			children = (
				884CF6642C8201F900250026 /* AddButton.swift */,
				88B012B62CC22FCB00CD9153 /* IconButton.swift */,
				884CF65D2C82018400250026 /* RoundRectangleButton.swift */,
			);
			path = Buttons;
			sourceTree = "<group>";
		};
		884F5A5B2CF62D58004228C6 /* Item */ = {
			isa = PBXGroup;
			children = (
				886232482C7CC14300A1802D /* Item.swift */,
				889F34FB2CBF991100C5BD65 /* ItemGridTab.swift */,
				884F5A5E2CF62D6B004228C6 /* ValueObjects */,
			);
			path = Item;
			sourceTree = "<group>";
		};
		884F5A5C2CF62D5D004228C6 /* Outfit */ = {
			isa = PBXGroup;
			children = (
				8862325F2C7CC32900A1802D /* Outfit.swift */,
				886232622C7CC32900A1802D /* OutfitGridTab.swift */,
			);
			path = Outfit;
			sourceTree = "<group>";
		};
		884F5A5D2CF62D61004228C6 /* Shared */ = {
			isa = PBXGroup;
			children = (
				884F5A5F2CF62D70004228C6 /* ValueObjects */,
			);
			path = Shared;
			sourceTree = "<group>";
		};
		884F5A5E2CF62D6B004228C6 /* ValueObjects */ = {
			isa = PBXGroup;
			children = (
				886232612C7CC32900A1802D /* Category.swift */,
			);
			path = ValueObjects;
			sourceTree = "<group>";
		};
		884F5A5F2CF62D70004228C6 /* ValueObjects */ = {
			isa = PBXGroup;
			children = (
				883FCB422C9B25690001DAAF /* ImageSource.swift */,
				883FCB442C9C5F4C0001DAAF /* DetailMode.swift */,
			);
			path = ValueObjects;
			sourceTree = "<group>";
		};
		884F5A602CF62DBE004228C6 /* Shared */ = {
			isa = PBXGroup;
			children = (
				884F5A612CF62DC8004228C6 /* Utilities */,
				886232A22C7CC7D100A1802D /* Extensions */,
			);
			path = Shared;
			sourceTree = "<group>";
		};
		884F5A612CF62DC8004228C6 /* Utilities */ = {
			isa = PBXGroup;
			children = (
				882C84642CC9338A007DF349 /* compareOptional.swift */,
				88004E4A2CB9552A00A80A80 /* doWithErrorLog.swift */,
			);
			path = Utilities;
			sourceTree = "<group>";
		};
		884F5A622CF62DFA004228C6 /* Color */ = {
			isa = PBXGroup;
			children = (
				883FCB3E2C99BB560001DAAF /* Color+gray.swift */,
				8862329C2C7CC7D100A1802D /* Color+textColorBasedOnBrightness.swift */,
			);
			path = Color;
			sourceTree = "<group>";
		};
		884F5A632CF62DFE004228C6 /* String */ = {
			isa = PBXGroup;
			children = (
				8862329D2C7CC7D100A1802D /* String+errorDescription.swift */,
				88004E482CB7E8F600A80A80 /* String+extract.swift */,
				883FCB362C9671870001DAAF /* String+matches.swift */,
			);
			path = String;
			sourceTree = "<group>";
		};
		884F5A642CF62E02004228C6 /* Sequence */ = {
			isa = PBXGroup;
			children = (
				8862329B2C7CC7D100A1802D /* Array+asyncMap.swift */,
				886064122C90790D003C7001 /* Sequence+compactMapWithErrorLog.swift */,
				883FCB382C9674060001DAAF /* Sequence+unique.swift */,
			);
			path = Sequence;
			sourceTree = "<group>";
		};
		884F5A652CF62E07004228C6 /* Date */ = {
			isa = PBXGroup;
			children = (
				881B6B632CA6D49A008274FF /* Date+initYMD.swift */,
				881B6B5D2CA5C250008274FF /* Date+toString.swift */,
			);
			path = Date;
			sourceTree = "<group>";
		};
		884F5A662CF62E0B004228C6 /* View */ = {
			isa = PBXGroup;
			children = (
				8862329F2C7CC7D100A1802D /* View+functionalModifier.swift */,
				883FCB402C99C82E0001DAAF /* View+edgeSwipe.swift */,
				886232A02C7CC7D100A1802D /* View+if.swift */,
			);
			path = View;
			sourceTree = "<group>";
		};
		884F5A6C2CF63011004228C6 /* UseCases */ = {
			isa = PBXGroup;
			children = (
				884F5A6D2CF6301E004228C6 /* Item */,
			);
			path = UseCases;
			sourceTree = "<group>";
		};
		884F5A6D2CF6301E004228C6 /* Item */ = {
			isa = PBXGroup;
			children = (
				884F5A6E2CF63025004228C6 /* GetItems.swift */,
			);
			path = Item;
			sourceTree = "<group>";
		};
		886232032C7CBDD900A1802D = {
			isa = PBXGroup;
			children = (
				884CF6512C7F596000250026 /* xcconfig */,
				8862320E2C7CBDD900A1802D /* OOTD */,
				8862321F2C7CBDDA00A1802D /* OOTDTests */,
				886232292C7CBDDA00A1802D /* OOTDUITests */,
				88E3DC172CC686830006D201 /* updateSwiftDataSchema */,
				8862320D2C7CBDD900A1802D /* Products */,
				88004E432CB561C400A80A80 /* Frameworks */,
			);
			sourceTree = "<group>";
		};
		8862320D2C7CBDD900A1802D /* Products */ = {
			isa = PBXGroup;
			children = (
				8862320C2C7CBDD900A1802D /* OOTD.app */,
				8862321C2C7CBDDA00A1802D /* OOTDTests.xctest */,
				886232262C7CBDDA00A1802D /* OOTDUITests.xctest */,
				88E3DC162CC686830006D201 /* updateSwiftDataSchema */,
			);
			name = Products;
			sourceTree = "<group>";
		};
		8862320E2C7CBDD900A1802D /* OOTD */ = {
			isa = PBXGroup;
			children = (
				8862320F2C7CBDD900A1802D /* OOTDApp.swift */,
				886232392C7CBF1500A1802D /* Views */,
				8862323A2C7CBF1C00A1802D /* ObservableObjects */,
				884F5A6C2CF63011004228C6 /* UseCases */,
				886232472C7CC12D00A1802D /* Domain */,
				8862323B2C7CBF3200A1802D /* Repositories */,
				886232442C7CC10A00A1802D /* Infrastructure */,
				884F5A602CF62DBE004228C6 /* Shared */,
				884CF6542C7F5F1800250026 /* Info.plist */,
				886232132C7CBDDA00A1802D /* Assets.xcassets */,
				886232152C7CBDDA00A1802D /* Preview Content */,
			);
			path = OOTD;
			sourceTree = "<group>";
		};
		886232152C7CBDDA00A1802D /* Preview Content */ = {
			isa = PBXGroup;
			children = (
				886232162C7CBDDA00A1802D /* Preview Assets.xcassets */,
			);
			path = "Preview Content";
			sourceTree = "<group>";
		};
		8862321F2C7CBDDA00A1802D /* OOTDTests */ = {
			isa = PBXGroup;
			children = (
				886232202C7CBDDA00A1802D /* OOTDTests.swift */,
			);
			path = OOTDTests;
			sourceTree = "<group>";
		};
		886232292C7CBDDA00A1802D /* OOTDUITests */ = {
			isa = PBXGroup;
			children = (
				8862322A2C7CBDDA00A1802D /* OOTDUITests.swift */,
				8862322C2C7CBDDA00A1802D /* OOTDUITestsLaunchTests.swift */,
			);
			path = OOTDUITests;
			sourceTree = "<group>";
		};
		886232392C7CBF1500A1802D /* Views */ = {
			isa = PBXGroup;
			children = (
				886232AC2C7CC9F500A1802D /* RootView.swift */,
				886232B62C7CCADD00A1802D /* Item */,
				886232B72C7CCAE700A1802D /* Outfit */,
				886232B12C7CCA7800A1802D /* UserInfoScreen.swift */,
				88AAE5AA2CC3EF3800DAEC0F /* Layouts */,
				8862323E2C7CC03C00A1802D /* Components */,
				88CD559B2C8749E800A9B78A /* WebView */,
				886232962C7CC78100A1802D /* Sheets */,
				886232412C7CC0D400A1802D /* Others */,
			);
			path = Views;
			sourceTree = "<group>";
		};
		8862323A2C7CBF1C00A1802D /* ObservableObjects */ = {
			isa = PBXGroup;
			children = (
				886232512C7CC2A700A1802D /* ItemStore.swift */,
				886232552C7CC2EE00A1802D /* OutfitStore.swift */,
				886232BC2C7CCC9100A1802D /* NavigationManager.swift */,
			);
			path = ObservableObjects;
			sourceTree = "<group>";
		};
		8862323B2C7CBF3200A1802D /* Repositories */ = {
			isa = PBXGroup;
			children = (
				8862323C2C7CBF7400A1802D /* Item */,
				8862325B2C7CC2FF00A1802D /* Outfit */,
				886232692C7CC4D600A1802D /* RepositoryType.swift */,
			);
			path = Repositories;
			sourceTree = "<group>";
		};
		8862323C2C7CBF7400A1802D /* Item */ = {
			isa = PBXGroup;
			children = (
				8862324B2C7CC23000A1802D /* ItemRepository.swift */,
				8862324A2C7CC23000A1802D /* SampleItemRepository.swift */,
				88B2BCE82C7E0E89008F45B7 /* SwiftDataItemRepository.swift */,
				88004E4C2CBBF82400A80A80 /* LocalJsonItemRepository.swift */,
			);
			path = Item;
			sourceTree = "<group>";
		};
		8862323E2C7CC03C00A1802D /* Components */ = {
			isa = PBXGroup;
			children = (
				884F5A5A2CF62D1D004228C6 /* Buttons */,
				884CF66A2C8201F900250026 /* AspectRatioContainer.swift */,
				8862327C2C7CC71E00A1802D /* ImageCard.swift */,
				8862327A2C7CC71E00A1802D /* ImagePicker.swift */,
				883B54482C8DD5B8007DB1E8 /* CropView.swift */,
				886232832C7CC71F00A1802D /* OutfitsRow.swift */,
				8862327B2C7CC71E00A1802D /* SelectedItemsGrid.swift */,
				889F34FD2CBFDAC600C5BD65 /* ScrollableTabView.swift */,
				88B012AC2CC1341E00CD9153 /* EditableTagListView.swift */,
				88D8EF0D2CE231630070AD8D /* AdBanner.swift */,
			);
			path = Components;
			sourceTree = "<group>";
		};
		886232412C7CC0D400A1802D /* Others */ = {
			isa = PBXGroup;
			children = (
				8862326B2C7CC53C00A1802D /* DependencyInjector.swift */,
				886232422C7CC0E900A1802D /* HashableView.swift */,
			);
			path = Others;
			sourceTree = "<group>";
		};
		886232442C7CC10A00A1802D /* Infrastructure */ = {
			isa = PBXGroup;
			children = (
				883FCB492CA5A8620001DAAF /* SwiftData */,
				886232672C7CC4C600A1802D /* Config.swift */,
				886232452C7CC11700A1802D /* Logger.swift */,
				884CF6552C7F670200250026 /* LocalStorage.swift */,
				883FCB312C9489780001DAAF /* KeyChainHelper.swift */,
				882D9FC42CCA80DD003A1338 /* request.swift */,
				886232782C7CC6EC00A1802D /* downloadImage.swift */,
			);
			path = Infrastructure;
			sourceTree = "<group>";
		};
		886232472C7CC12D00A1802D /* Domain */ = {
			isa = PBXGroup;
			children = (
				884F5A5B2CF62D58004228C6 /* Item */,
				884F5A5C2CF62D5D004228C6 /* Outfit */,
				884F5A5D2CF62D61004228C6 /* Shared */,
			);
			path = Domain;
			sourceTree = "<group>";
		};
		8862325B2C7CC2FF00A1802D /* Outfit */ = {
			isa = PBXGroup;
			children = (
				886232592C7CC2FF00A1802D /* OutfitRepository.swift */,
				8862325A2C7CC2FF00A1802D /* SampleOutfitRepository.swift */,
				886064102C906B45003C7001 /* SwiftDataOutfitRepository.swift */,
				88004E4E2CBE35EF00A80A80 /* LocalJsonOutfitRepository.swift */,
			);
			path = Outfit;
			sourceTree = "<group>";
		};
		886232962C7CC78100A1802D /* Sheets */ = {
			isa = PBXGroup;
			children = (
				886232992C7CC7A900A1802D /* CategorySelectSheet.swift */,
				886232972C7CC78B00A1802D /* ItemDeleteConfirmOutfitsSheet.swift */,
				882D9FC22CC946C5003A1338 /* SelectSheet.swift */,
			);
			path = Sheets;
			sourceTree = "<group>";
		};
		886232A22C7CC7D100A1802D /* Extensions */ = {
			isa = PBXGroup;
			children = (
				884F5A622CF62DFA004228C6 /* Color */,
				884F5A652CF62E07004228C6 /* Date */,
				884F5A642CF62E02004228C6 /* Sequence */,
				884F5A632CF62DFE004228C6 /* String */,
				884F5A662CF62E0B004228C6 /* View */,
				8862329E2C7CC7D100A1802D /* UIImage+resized.swift */,
			);
			path = Extensions;
			sourceTree = "<group>";
		};
		886232B62C7CCADD00A1802D /* Item */ = {
			isa = PBXGroup;
			children = (
				886232B82C7CCB5000A1802D /* ItemCard.swift */,
				8862323F2C7CC08600A1802D /* ItemGrid.swift */,
				886232712C7CC65200A1802D /* ItemDetail.swift */,
				88CD55932C8745C700A9B78A /* ItemAddSelectWebSiteScreen.swift */,
			);
			path = Item;
			sourceTree = "<group>";
		};
		886232B72C7CCAE700A1802D /* Outfit */ = {
			isa = PBXGroup;
			children = (
				8862327D2C7CC71E00A1802D /* OutfitCard.swift */,
				886232B02C7CCA7800A1802D /* OutfitGridTabDetail.swift */,
				886232AE2C7CCA7800A1802D /* OutfitDetail.swift */,
				886232AF2C7CCA7800A1802D /* OutfitGrid.swift */,
			);
			path = Outfit;
			sourceTree = "<group>";
		};
		88AAE5AA2CC3EF3800DAEC0F /* Layouts */ = {
			isa = PBXGroup;
			children = (
				88AAE5AB2CC3EF5200DAEC0F /* FlowLayout.swift */,
				88AAE5AD2CC4908F00DAEC0F /* MasonryVGrid.swift */,
			);
			path = Layouts;
			sourceTree = "<group>";
		};
		88AAE5B22CC64F2D00DAEC0F /* V1 */ = {
			isa = PBXGroup;
			children = (
				883FCB4A2CA5A8BE0001DAAF /* SchemaV1.swift */,
				883FCB502CA5A9A20001DAAF /* ItemDTOV1.swift */,
			);
			path = V1;
			sourceTree = "<group>";
		};
		88AAE5B32CC64F3200DAEC0F /* V2 */ = {
			isa = PBXGroup;
			children = (
				883FCB522CA5AA340001DAAF /* SchemaV2.swift */,
				883FCB542CA5AA720001DAAF /* ItemDTOV2.swift */,
			);
			path = V2;
			sourceTree = "<group>";
		};
		88AAE5B42CC64F3600DAEC0F /* V3 */ = {
			isa = PBXGroup;
			children = (
				881B6B592CA5BAC7008274FF /* SchemaV3.swift */,
				881B6B5B2CA5BAD6008274FF /* ItemDTOV3.swift */,
			);
			path = V3;
			sourceTree = "<group>";
		};
		88AAE5B52CC64F3900DAEC0F /* V4 */ = {
			isa = PBXGroup;
			children = (
				881B6B612CA650B1008274FF /* SchemaV4.swift */,
				881B6B5F2CA650A7008274FF /* ItemDTOV4.swift */,
			);
			path = V4;
			sourceTree = "<group>";
		};
		88AAE5B62CC64F5200DAEC0F /* V5 */ = {
			isa = PBXGroup;
			children = (
				88B012B02CC15F0900CD9153 /* SchemaV5.swift */,
				88B012B22CC15F2600CD9153 /* ItemDTOV5.swift */,
				88E3DC102CC682030006D201 /* OutfitDTOV5.swift */,
			);
			path = V5;
			sourceTree = "<group>";
		};
		88CD559B2C8749E800A9B78A /* WebView */ = {
			isa = PBXGroup;
			children = (
				88CD55AB2C89F53B00A9B78A /* Scraper */,
				88CD55972C8749E800A9B78A /* WebViewManager.swift */,
				88CD55A12C874E9800A9B78A /* SelectWebImageScreen.swift */,
				88CD55992C8749E800A9B78A /* CustomWebView.swift */,
				88CD559A2C8749E800A9B78A /* WKWebView+.swift */,
				883FCB3C2C986B060001DAAF /* SearchBar.swift */,
				881B6B652CA83D77008274FF /* WebItemDetail.swift */,
				88A350022CA86DD300021FBF /* SelectWebItemScreen.swift */,
			);
			path = WebView;
			sourceTree = "<group>";
		};
		88CD55AB2C89F53B00A9B78A /* Scraper */ = {
			isa = PBXGroup;
			children = (
				88004E1F2CB42F9000A80A80 /* EcPurchaseHistory.swift */,
				88004E232CB4302100A80A80 /* EcItemDetail.swift */,
				88004E262CB430B800A80A80 /* ZozoPurchaseHistory.swift */,
				88004E2C2CB4363700A80A80 /* ZozoItemDetail.swift */,
				88004E2E2CB4374E00A80A80 /* ZozoPage.swift */,
				88004E282CB4326300A80A80 /* GuPurchaseHistory.swift */,
				88216DC02CAED676005B53BA /* GuItemDetail.swift */,
				88004E2A2CB4337300A80A80 /* UniqloPurchaseHistory.swift */,
				88004E362CB5496000A80A80 /* UniqloItemDetail.swift */,
				88004E302CB43BF400A80A80 /* DefaultPurchaseHistory.swift */,
				88CD55A32C8755CD00A9B78A /* Scraper.swift */,
				88004E462CB58D2000A80A80 /* FirstRetailingPage.swift */,
			);
			path = Scraper;
			sourceTree = "<group>";
		};
		88E3DC172CC686830006D201 /* updateSwiftDataSchema */ = {
			isa = PBXGroup;
			children = (
				88E3DC182CC686830006D201 /* main.swift */,
			);
			path = updateSwiftDataSchema;
			sourceTree = "<group>";
		};
		88E3DC352CC68B690006D201 /* V6 */ = {
			isa = PBXGroup;
			children = (
				88E3DC322CC68B690006D201 /* ItemDTOV6.swift */,
				88E3DC332CC68B690006D201 /* OutfitDTOV6.swift */,
				88E3DC342CC68B690006D201 /* SchemaV6.swift */,
			);
			path = V6;
			sourceTree = "<group>";
		};
		88E3DC3D2CC7D8FF0006D201 /* V7 */ = {
			isa = PBXGroup;
			children = (
				88E3DC3A2CC7D8FF0006D201 /* ItemDTOV7.swift */,
				88E3DC3B2CC7D8FF0006D201 /* OutfitDTOV7.swift */,
				88E3DC3C2CC7D8FF0006D201 /* SchemaV7.swift */,
			);
			path = V7;
			sourceTree = "<group>";
		};
/* End PBXGroup section */

/* Begin PBXNativeTarget section */
		8862320B2C7CBDD900A1802D /* OOTD */ = {
			isa = PBXNativeTarget;
			buildConfigurationList = 886232302C7CBDDA00A1802D /* Build configuration list for PBXNativeTarget "OOTD" */;
			buildPhases = (
				886232082C7CBDD900A1802D /* Sources */,
				886232092C7CBDD900A1802D /* Frameworks */,
				8862320A2C7CBDD900A1802D /* Resources */,
				88B8B7BE2CE2339700131843 /* Embed Frameworks */,
			);
			buildRules = (
			);
			dependencies = (
			);
			name = OOTD;
			packageProductDependencies = (
				886232762C7CC6CD00A1802D /* CachedAsyncImage */,
				88CD55A62C8755E700A9B78A /* SwiftSoup */,
				883B54442C8DD547007DB1E8 /* BrightroomEngine */,
				883B54462C8DD547007DB1E8 /* BrightroomUI */,
				88C00C3D2CAD7DF9007D83FF /* ACarousel */,
				88B8B7C22CE2417500131843 /* GoogleMobileAds */,
			);
			productName = OOTD;
			productReference = 8862320C2C7CBDD900A1802D /* OOTD.app */;
			productType = "com.apple.product-type.application";
		};
		8862321B2C7CBDDA00A1802D /* OOTDTests */ = {
			isa = PBXNativeTarget;
			buildConfigurationList = 886232332C7CBDDA00A1802D /* Build configuration list for PBXNativeTarget "OOTDTests" */;
			buildPhases = (
				886232182C7CBDDA00A1802D /* Sources */,
				886232192C7CBDDA00A1802D /* Frameworks */,
				8862321A2C7CBDDA00A1802D /* Resources */,
			);
			buildRules = (
			);
			dependencies = (
				8862321E2C7CBDDA00A1802D /* PBXTargetDependency */,
			);
			name = OOTDTests;
			productName = OOTDTests;
			productReference = 8862321C2C7CBDDA00A1802D /* OOTDTests.xctest */;
			productType = "com.apple.product-type.bundle.unit-test";
		};
		886232252C7CBDDA00A1802D /* OOTDUITests */ = {
			isa = PBXNativeTarget;
			buildConfigurationList = 886232362C7CBDDA00A1802D /* Build configuration list for PBXNativeTarget "OOTDUITests" */;
			buildPhases = (
				886232222C7CBDDA00A1802D /* Sources */,
				886232232C7CBDDA00A1802D /* Frameworks */,
				886232242C7CBDDA00A1802D /* Resources */,
			);
			buildRules = (
			);
			dependencies = (
				886232282C7CBDDA00A1802D /* PBXTargetDependency */,
			);
			name = OOTDUITests;
			productName = OOTDUITests;
			productReference = 886232262C7CBDDA00A1802D /* OOTDUITests.xctest */;
			productType = "com.apple.product-type.bundle.ui-testing";
		};
		88E3DC152CC686830006D201 /* updateSwiftDataSchema */ = {
			isa = PBXNativeTarget;
			buildConfigurationList = 88E3DC1A2CC686830006D201 /* Build configuration list for PBXNativeTarget "updateSwiftDataSchema" */;
			buildPhases = (
				88E3DC122CC686830006D201 /* Sources */,
				88E3DC132CC686830006D201 /* Frameworks */,
				88E3DC142CC686830006D201 /* CopyFiles */,
			);
			buildRules = (
			);
			dependencies = (
			);
			name = updateSwiftDataSchema;
			productName = OOTDCLI;
			productReference = 88E3DC162CC686830006D201 /* updateSwiftDataSchema */;
			productType = "com.apple.product-type.tool";
		};
/* End PBXNativeTarget section */

/* Begin PBXProject section */
		886232042C7CBDD900A1802D /* Project object */ = {
			isa = PBXProject;
			attributes = {
				BuildIndependentTargetsInParallel = 1;
				LastSwiftUpdateCheck = 1530;
				LastUpgradeCheck = 1530;
				TargetAttributes = {
					8862320B2C7CBDD900A1802D = {
						CreatedOnToolsVersion = 15.3;
					};
					8862321B2C7CBDDA00A1802D = {
						CreatedOnToolsVersion = 15.3;
						TestTargetID = 8862320B2C7CBDD900A1802D;
					};
					886232252C7CBDDA00A1802D = {
						CreatedOnToolsVersion = 15.3;
						TestTargetID = 8862320B2C7CBDD900A1802D;
					};
					88E3DC152CC686830006D201 = {
						CreatedOnToolsVersion = 15.3;
					};
				};
			};
			buildConfigurationList = 886232072C7CBDD900A1802D /* Build configuration list for PBXProject "OOTD" */;
			compatibilityVersion = "Xcode 14.0";
			developmentRegion = en;
			hasScannedForEncodings = 0;
			knownRegions = (
				en,
				Base,
			);
			mainGroup = 886232032C7CBDD900A1802D;
			packageReferences = (
				886232752C7CC6CD00A1802D /* XCRemoteSwiftPackageReference "swiftui-cached-async-image" */,
				88CD55A52C8755E700A9B78A /* XCRemoteSwiftPackageReference "SwiftSoup" */,
				883B54432C8DD547007DB1E8 /* XCRemoteSwiftPackageReference "Brightroom" */,
				88C00C3C2CAD7DF9007D83FF /* XCRemoteSwiftPackageReference "ACarousel" */,
				88B8B7C12CE2417500131843 /* XCRemoteSwiftPackageReference "swift-package-manager-google-mobile-ads" */,
			);
			productRefGroup = 8862320D2C7CBDD900A1802D /* Products */;
			projectDirPath = "";
			projectRoot = "";
			targets = (
				8862320B2C7CBDD900A1802D /* OOTD */,
				8862321B2C7CBDDA00A1802D /* OOTDTests */,
				886232252C7CBDDA00A1802D /* OOTDUITests */,
				88E3DC152CC686830006D201 /* updateSwiftDataSchema */,
			);
		};
/* End PBXProject section */

/* Begin PBXResourcesBuildPhase section */
		8862320A2C7CBDD900A1802D /* Resources */ = {
			isa = PBXResourcesBuildPhase;
			buildActionMask = 2147483647;
			files = (
				886232172C7CBDDA00A1802D /* Preview Assets.xcassets in Resources */,
				886232142C7CBDDA00A1802D /* Assets.xcassets in Resources */,
			);
			runOnlyForDeploymentPostprocessing = 0;
		};
		8862321A2C7CBDDA00A1802D /* Resources */ = {
			isa = PBXResourcesBuildPhase;
			buildActionMask = 2147483647;
			files = (
			);
			runOnlyForDeploymentPostprocessing = 0;
		};
		886232242C7CBDDA00A1802D /* Resources */ = {
			isa = PBXResourcesBuildPhase;
			buildActionMask = 2147483647;
			files = (
			);
			runOnlyForDeploymentPostprocessing = 0;
		};
/* End PBXResourcesBuildPhase section */

/* Begin PBXSourcesBuildPhase section */
		886232082C7CBDD900A1802D /* Sources */ = {
			isa = PBXSourcesBuildPhase;
			buildActionMask = 2147483647;
			files = (
				8862324D2C7CC23100A1802D /* SampleItemRepository.swift in Sources */,
				8862324E2C7CC23100A1802D /* ItemRepository.swift in Sources */,
				886232462C7CC11700A1802D /* Logger.swift in Sources */,
				881B6B602CA650A7008274FF /* ItemDTOV4.swift in Sources */,
				886232432C7CC0E900A1802D /* HashableView.swift in Sources */,
				88E3DC372CC68B690006D201 /* OutfitDTOV6.swift in Sources */,
				881B6B5C2CA5BAD6008274FF /* ItemDTOV3.swift in Sources */,
				886232A82C7CC7D100A1802D /* View+if.swift in Sources */,
				88E3DC112CC682030006D201 /* OutfitDTOV5.swift in Sources */,
				88B012AD2CC1341E00CD9153 /* EditableTagListView.swift in Sources */,
				88004E2F2CB4374E00A80A80 /* ZozoPage.swift in Sources */,
				88AAE5AE2CC4908F00DAEC0F /* MasonryVGrid.swift in Sources */,
				88004E4F2CBE35EF00A80A80 /* LocalJsonOutfitRepository.swift in Sources */,
				883FCB412C99C82E0001DAAF /* View+edgeSwipe.swift in Sources */,
				88CD55A02C8749E800A9B78A /* WKWebView+.swift in Sources */,
				8862326A2C7CC4D600A1802D /* RepositoryType.swift in Sources */,
				8862329A2C7CC7A900A1802D /* CategorySelectSheet.swift in Sources */,
				886232BD2C7CCC9100A1802D /* NavigationManager.swift in Sources */,
				883FCB532CA5AA340001DAAF /* SchemaV2.swift in Sources */,
				88CD559F2C8749E800A9B78A /* CustomWebView.swift in Sources */,
				884CF6702C8201F900250026 /* AddButton.swift in Sources */,
				883FCB392C9674060001DAAF /* Sequence+unique.swift in Sources */,
				88CD55A22C874E9800A9B78A /* SelectWebImageScreen.swift in Sources */,
				886232A72C7CC7D100A1802D /* View+functionalModifier.swift in Sources */,
				88004E2D2CB4363700A80A80 /* ZozoItemDetail.swift in Sources */,
				88AAE5AC2CC3EF5200DAEC0F /* FlowLayout.swift in Sources */,
				886232892C7CC71F00A1802D /* SelectedItemsGrid.swift in Sources */,
				88CD55942C8745C700A9B78A /* ItemAddSelectWebSiteScreen.swift in Sources */,
				88B2BCE92C7E0E89008F45B7 /* SwiftDataItemRepository.swift in Sources */,
				886232402C7CC08600A1802D /* ItemGrid.swift in Sources */,
				88004E242CB4302100A80A80 /* EcItemDetail.swift in Sources */,
				886232982C7CC78B00A1802D /* ItemDeleteConfirmOutfitsSheet.swift in Sources */,
				883FCB432C9B25690001DAAF /* ImageSource.swift in Sources */,
				886232662C7CC32900A1802D /* OutfitGridTab.swift in Sources */,
				88B012B72CC22FCB00CD9153 /* IconButton.swift in Sources */,
				88E3DC3F2CC7D8FF0006D201 /* OutfitDTOV7.swift in Sources */,
				883FCB3D2C986B060001DAAF /* SearchBar.swift in Sources */,
				88004E272CB430B800A80A80 /* ZozoPurchaseHistory.swift in Sources */,
				889F34FC2CBF991100C5BD65 /* ItemGridTab.swift in Sources */,
				882D9FC32CC946C5003A1338 /* SelectSheet.swift in Sources */,
				886232B92C7CCB5000A1802D /* ItemCard.swift in Sources */,
				886232A42C7CC7D100A1802D /* Color+textColorBasedOnBrightness.swift in Sources */,
				886232652C7CC32900A1802D /* Category.swift in Sources */,
				886232632C7CC32900A1802D /* Outfit.swift in Sources */,
				88004E372CB5496000A80A80 /* UniqloItemDetail.swift in Sources */,
				886232B22C7CCA7800A1802D /* OutfitDetail.swift in Sources */,
				886232882C7CC71F00A1802D /* ImagePicker.swift in Sources */,
				881B6B5E2CA5C250008274FF /* Date+toString.swift in Sources */,
				886232A32C7CC7D100A1802D /* Array+asyncMap.swift in Sources */,
				886232792C7CC6EC00A1802D /* downloadImage.swift in Sources */,
				88004E202CB42F9000A80A80 /* EcPurchaseHistory.swift in Sources */,
				88004E492CB7E8F600A80A80 /* String+extract.swift in Sources */,
				886232B52C7CCA7800A1802D /* UserInfoScreen.swift in Sources */,
				88004E292CB4326300A80A80 /* GuPurchaseHistory.swift in Sources */,
				88004E472CB58D2000A80A80 /* FirstRetailingPage.swift in Sources */,
				886232A52C7CC7D100A1802D /* String+errorDescription.swift in Sources */,
				886232492C7CC14300A1802D /* Item.swift in Sources */,
				881B6B5A2CA5BAC7008274FF /* SchemaV3.swift in Sources */,
				88CD559D2C8749E800A9B78A /* WebViewManager.swift in Sources */,
				881B6B642CA6D49A008274FF /* Date+initYMD.swift in Sources */,
				883B54492C8DD5B8007DB1E8 /* CropView.swift in Sources */,
				88B012B32CC15F2600CD9153 /* ItemDTOV5.swift in Sources */,
				88D8EF0E2CE231630070AD8D /* AdBanner.swift in Sources */,
				883FCB552CA5AA720001DAAF /* ItemDTOV2.swift in Sources */,
				886232722C7CC65200A1802D /* ItemDetail.swift in Sources */,
				886232682C7CC4C600A1802D /* Config.swift in Sources */,
				882D9FC52CCA80DD003A1338 /* request.swift in Sources */,
				8862325D2C7CC2FF00A1802D /* OutfitRepository.swift in Sources */,
				889F34FE2CBFDAC600C5BD65 /* ScrollableTabView.swift in Sources */,
				88216DC12CAED676005B53BA /* GuItemDetail.swift in Sources */,
				882C84652CC9338A007DF349 /* compareOptional.swift in Sources */,
				88E3DC382CC68B690006D201 /* SchemaV6.swift in Sources */,
				88004E312CB43BF400A80A80 /* DefaultPurchaseHistory.swift in Sources */,
				886232AD2C7CC9F500A1802D /* RootView.swift in Sources */,
				886064112C906B45003C7001 /* SwiftDataOutfitRepository.swift in Sources */,
				883FCB3F2C99BB560001DAAF /* Color+gray.swift in Sources */,
				88E3DC402CC7D8FF0006D201 /* SchemaV7.swift in Sources */,
				883FCB512CA5A9A20001DAAF /* ItemDTOV1.swift in Sources */,
				884CF65E2C82018400250026 /* RoundRectangleButton.swift in Sources */,
				883FCB4E2CA5A8D30001DAAF /* MigrationPlan.swift in Sources */,
				88E3DC3E2CC7D8FF0006D201 /* ItemDTOV7.swift in Sources */,
				883FCB372C9671870001DAAF /* String+matches.swift in Sources */,
				88B012B12CC15F0900CD9153 /* SchemaV5.swift in Sources */,
				886064132C90790D003C7001 /* Sequence+compactMapWithErrorLog.swift in Sources */,
				886232B32C7CCA7800A1802D /* OutfitGrid.swift in Sources */,
				883FCB4B2CA5A8BE0001DAAF /* SchemaV1.swift in Sources */,
				886232532C7CC2A700A1802D /* ItemStore.swift in Sources */,
				884CF6562C7F670200250026 /* LocalStorage.swift in Sources */,
				886232102C7CBDD900A1802D /* OOTDApp.swift in Sources */,
				884F5A6F2CF63025004228C6 /* GetItems.swift in Sources */,
				88E3DC362CC68B690006D201 /* ItemDTOV6.swift in Sources */,
				8862326C2C7CC53C00A1802D /* DependencyInjector.swift in Sources */,
				88004E2B2CB4337300A80A80 /* UniqloPurchaseHistory.swift in Sources */,
				886232572C7CC2EE00A1802D /* OutfitStore.swift in Sources */,
				8862328B2C7CC71F00A1802D /* OutfitCard.swift in Sources */,
				88004E4B2CB9552A00A80A80 /* doWithErrorLog.swift in Sources */,
				881B6B622CA650B1008274FF /* SchemaV4.swift in Sources */,
				88CD55A42C8755CD00A9B78A /* Scraper.swift in Sources */,
				883FCB322C9489780001DAAF /* KeyChainHelper.swift in Sources */,
				883FCB452C9C5F4C0001DAAF /* DetailMode.swift in Sources */,
				883FCB2E2C90815F0001DAAF /* SwiftDataManager.swift in Sources */,
				8862325E2C7CC2FF00A1802D /* SampleOutfitRepository.swift in Sources */,
				886232A62C7CC7D100A1802D /* UIImage+resized.swift in Sources */,
				886232B42C7CCA7800A1802D /* OutfitGridTabDetail.swift in Sources */,
				886232912C7CC71F00A1802D /* OutfitsRow.swift in Sources */,
				8862328A2C7CC71F00A1802D /* ImageCard.swift in Sources */,
				881B6B662CA83D77008274FF /* WebItemDetail.swift in Sources */,
				88A350032CA86DD300021FBF /* SelectWebItemScreen.swift in Sources */,
				884CF6762C8201F900250026 /* AspectRatioContainer.swift in Sources */,
				88004E4D2CBBF82400A80A80 /* LocalJsonItemRepository.swift in Sources */,
			);
			runOnlyForDeploymentPostprocessing = 0;
		};
		886232182C7CBDDA00A1802D /* Sources */ = {
			isa = PBXSourcesBuildPhase;
			buildActionMask = 2147483647;
			files = (
				886232212C7CBDDA00A1802D /* OOTDTests.swift in Sources */,
			);
			runOnlyForDeploymentPostprocessing = 0;
		};
		886232222C7CBDDA00A1802D /* Sources */ = {
			isa = PBXSourcesBuildPhase;
			buildActionMask = 2147483647;
			files = (
				8862322D2C7CBDDA00A1802D /* OOTDUITestsLaunchTests.swift in Sources */,
				8862322B2C7CBDDA00A1802D /* OOTDUITests.swift in Sources */,
			);
			runOnlyForDeploymentPostprocessing = 0;
		};
		88E3DC122CC686830006D201 /* Sources */ = {
			isa = PBXSourcesBuildPhase;
			buildActionMask = 2147483647;
			files = (
				88E3DC192CC686830006D201 /* main.swift in Sources */,
			);
			runOnlyForDeploymentPostprocessing = 0;
		};
/* End PBXSourcesBuildPhase section */

/* Begin PBXTargetDependency section */
		8862321E2C7CBDDA00A1802D /* PBXTargetDependency */ = {
			isa = PBXTargetDependency;
			target = 8862320B2C7CBDD900A1802D /* OOTD */;
			targetProxy = 8862321D2C7CBDDA00A1802D /* PBXContainerItemProxy */;
		};
		886232282C7CBDDA00A1802D /* PBXTargetDependency */ = {
			isa = PBXTargetDependency;
			target = 8862320B2C7CBDD900A1802D /* OOTD */;
			targetProxy = 886232272C7CBDDA00A1802D /* PBXContainerItemProxy */;
		};
/* End PBXTargetDependency section */

/* Begin XCBuildConfiguration section */
		8862322E2C7CBDDA00A1802D /* Debug */ = {
			isa = XCBuildConfiguration;
			baseConfigurationReference = 884CF6522C7F597600250026 /* sample.xcconfig */;
			buildSettings = {
				ALWAYS_SEARCH_USER_PATHS = NO;
				ASSETCATALOG_COMPILER_GENERATE_SWIFT_ASSET_SYMBOL_EXTENSIONS = YES;
				CLANG_ANALYZER_NONNULL = YES;
				CLANG_ANALYZER_NUMBER_OBJECT_CONVERSION = YES_AGGRESSIVE;
				CLANG_CXX_LANGUAGE_STANDARD = "gnu++20";
				CLANG_ENABLE_MODULES = YES;
				CLANG_ENABLE_OBJC_ARC = YES;
				CLANG_ENABLE_OBJC_WEAK = YES;
				CLANG_WARN_BLOCK_CAPTURE_AUTORELEASING = YES;
				CLANG_WARN_BOOL_CONVERSION = YES;
				CLANG_WARN_COMMA = YES;
				CLANG_WARN_CONSTANT_CONVERSION = YES;
				CLANG_WARN_DEPRECATED_OBJC_IMPLEMENTATIONS = YES;
				CLANG_WARN_DIRECT_OBJC_ISA_USAGE = YES_ERROR;
				CLANG_WARN_DOCUMENTATION_COMMENTS = YES;
				CLANG_WARN_EMPTY_BODY = YES;
				CLANG_WARN_ENUM_CONVERSION = YES;
				CLANG_WARN_INFINITE_RECURSION = YES;
				CLANG_WARN_INT_CONVERSION = YES;
				CLANG_WARN_NON_LITERAL_NULL_CONVERSION = YES;
				CLANG_WARN_OBJC_IMPLICIT_RETAIN_SELF = YES;
				CLANG_WARN_OBJC_LITERAL_CONVERSION = YES;
				CLANG_WARN_OBJC_ROOT_CLASS = YES_ERROR;
				CLANG_WARN_QUOTED_INCLUDE_IN_FRAMEWORK_HEADER = YES;
				CLANG_WARN_RANGE_LOOP_ANALYSIS = YES;
				CLANG_WARN_STRICT_PROTOTYPES = YES;
				CLANG_WARN_SUSPICIOUS_MOVE = YES;
				CLANG_WARN_UNGUARDED_AVAILABILITY = YES_AGGRESSIVE;
				CLANG_WARN_UNREACHABLE_CODE = YES;
				CLANG_WARN__DUPLICATE_METHOD_MATCH = YES;
				COPY_PHASE_STRIP = NO;
				DEBUG_INFORMATION_FORMAT = dwarf;
				ENABLE_STRICT_OBJC_MSGSEND = YES;
				ENABLE_TESTABILITY = YES;
				ENABLE_USER_SCRIPT_SANDBOXING = YES;
				GCC_C_LANGUAGE_STANDARD = gnu17;
				GCC_DYNAMIC_NO_PIC = NO;
				GCC_NO_COMMON_BLOCKS = YES;
				GCC_OPTIMIZATION_LEVEL = 0;
				GCC_PREPROCESSOR_DEFINITIONS = (
					"DEBUG=1",
					"$(inherited)",
				);
				GCC_WARN_64_TO_32_BIT_CONVERSION = YES;
				GCC_WARN_ABOUT_RETURN_TYPE = YES_ERROR;
				GCC_WARN_UNDECLARED_SELECTOR = YES;
				GCC_WARN_UNINITIALIZED_AUTOS = YES_AGGRESSIVE;
				GCC_WARN_UNUSED_FUNCTION = YES;
				GCC_WARN_UNUSED_VARIABLE = YES;
				IPHONEOS_DEPLOYMENT_TARGET = 17.4;
				LD_RUNPATH_SEARCH_PATHS = /usr/lib/swift;
				LOCALIZATION_PREFERS_STRING_CATALOGS = YES;
				MTL_ENABLE_DEBUG_INFO = INCLUDE_SOURCE;
				MTL_FAST_MATH = YES;
				ONLY_ACTIVE_ARCH = YES;
				OTHER_LDFLAGS = "-ObjC";
				SDKROOT = iphoneos;
				SWIFT_ACTIVE_COMPILATION_CONDITIONS = "DEBUG $(inherited)";
				SWIFT_OPTIMIZATION_LEVEL = "-Onone";
			};
			name = Debug;
		};
		8862322F2C7CBDDA00A1802D /* Release */ = {
			isa = XCBuildConfiguration;
			baseConfigurationReference = 88DDFC0A2CF359180022BA8F /* qa.xcconfig */;
			buildSettings = {
				ALWAYS_SEARCH_USER_PATHS = NO;
				ASSETCATALOG_COMPILER_GENERATE_SWIFT_ASSET_SYMBOL_EXTENSIONS = YES;
				CLANG_ANALYZER_NONNULL = YES;
				CLANG_ANALYZER_NUMBER_OBJECT_CONVERSION = YES_AGGRESSIVE;
				CLANG_CXX_LANGUAGE_STANDARD = "gnu++20";
				CLANG_ENABLE_MODULES = YES;
				CLANG_ENABLE_OBJC_ARC = YES;
				CLANG_ENABLE_OBJC_WEAK = YES;
				CLANG_WARN_BLOCK_CAPTURE_AUTORELEASING = YES;
				CLANG_WARN_BOOL_CONVERSION = YES;
				CLANG_WARN_COMMA = YES;
				CLANG_WARN_CONSTANT_CONVERSION = YES;
				CLANG_WARN_DEPRECATED_OBJC_IMPLEMENTATIONS = YES;
				CLANG_WARN_DIRECT_OBJC_ISA_USAGE = YES_ERROR;
				CLANG_WARN_DOCUMENTATION_COMMENTS = YES;
				CLANG_WARN_EMPTY_BODY = YES;
				CLANG_WARN_ENUM_CONVERSION = YES;
				CLANG_WARN_INFINITE_RECURSION = YES;
				CLANG_WARN_INT_CONVERSION = YES;
				CLANG_WARN_NON_LITERAL_NULL_CONVERSION = YES;
				CLANG_WARN_OBJC_IMPLICIT_RETAIN_SELF = YES;
				CLANG_WARN_OBJC_LITERAL_CONVERSION = YES;
				CLANG_WARN_OBJC_ROOT_CLASS = YES_ERROR;
				CLANG_WARN_QUOTED_INCLUDE_IN_FRAMEWORK_HEADER = YES;
				CLANG_WARN_RANGE_LOOP_ANALYSIS = YES;
				CLANG_WARN_STRICT_PROTOTYPES = YES;
				CLANG_WARN_SUSPICIOUS_MOVE = YES;
				CLANG_WARN_UNGUARDED_AVAILABILITY = YES_AGGRESSIVE;
				CLANG_WARN_UNREACHABLE_CODE = YES;
				CLANG_WARN__DUPLICATE_METHOD_MATCH = YES;
				COPY_PHASE_STRIP = NO;
				DEBUG_INFORMATION_FORMAT = "dwarf-with-dsym";
				ENABLE_NS_ASSERTIONS = NO;
				ENABLE_STRICT_OBJC_MSGSEND = YES;
				ENABLE_USER_SCRIPT_SANDBOXING = YES;
				GCC_C_LANGUAGE_STANDARD = gnu17;
				GCC_NO_COMMON_BLOCKS = YES;
				GCC_WARN_64_TO_32_BIT_CONVERSION = YES;
				GCC_WARN_ABOUT_RETURN_TYPE = YES_ERROR;
				GCC_WARN_UNDECLARED_SELECTOR = YES;
				GCC_WARN_UNINITIALIZED_AUTOS = YES_AGGRESSIVE;
				GCC_WARN_UNUSED_FUNCTION = YES;
				GCC_WARN_UNUSED_VARIABLE = YES;
				IPHONEOS_DEPLOYMENT_TARGET = 17.4;
				LD_RUNPATH_SEARCH_PATHS = /usr/lib/swift;
				LOCALIZATION_PREFERS_STRING_CATALOGS = YES;
				MTL_ENABLE_DEBUG_INFO = NO;
				MTL_FAST_MATH = YES;
				OTHER_LDFLAGS = "-ObjC";
				SDKROOT = iphoneos;
				SWIFT_ACTIVE_COMPILATION_CONDITIONS = RELEASE;
				SWIFT_COMPILATION_MODE = wholemodule;
				VALIDATE_PRODUCT = YES;
			};
			name = Release;
		};
		886232312C7CBDDA00A1802D /* Debug */ = {
			isa = XCBuildConfiguration;
			buildSettings = {
				ASSETCATALOG_COMPILER_APPICON_NAME = AppIcon;
				ASSETCATALOG_COMPILER_GLOBAL_ACCENT_COLOR_NAME = AccentColor;
				CODE_SIGN_STYLE = Automatic;
				CURRENT_PROJECT_VERSION = 1;
				DEVELOPMENT_ASSET_PATHS = "\"OOTD/Preview Content\"";
				DEVELOPMENT_TEAM = UYA338GXZR;
				ENABLE_PREVIEWS = YES;
				GENERATE_INFOPLIST_FILE = YES;
				INFOPLIST_FILE = OOTD/Info.plist;
				INFOPLIST_KEY_LSSupportsOpeningDocumentsInPlace = YES;
				INFOPLIST_KEY_UIApplicationSceneManifest_Generation = YES;
				INFOPLIST_KEY_UIApplicationSupportsIndirectInputEvents = YES;
				INFOPLIST_KEY_UILaunchScreen_Generation = YES;
				INFOPLIST_KEY_UISupportedInterfaceOrientations_iPad = "UIInterfaceOrientationPortrait UIInterfaceOrientationPortraitUpsideDown UIInterfaceOrientationLandscapeLeft UIInterfaceOrientationLandscapeRight";
				INFOPLIST_KEY_UISupportedInterfaceOrientations_iPhone = "UIInterfaceOrientationPortrait UIInterfaceOrientationLandscapeLeft UIInterfaceOrientationLandscapeRight";
				INFOPLIST_KEY_UIUserInterfaceStyle = Light;
				LD_RUNPATH_SEARCH_PATHS = (
					"$(inherited)",
					"@executable_path/Frameworks",
				);
				MARKETING_VERSION = 1.0;
				PRODUCT_BUNDLE_IDENTIFIER = com.hrsma2i.OOTD;
				PRODUCT_NAME = "$(TARGET_NAME)";
				SUPPORTED_PLATFORMS = "iphoneos iphonesimulator";
				SUPPORTS_MACCATALYST = NO;
				SUPPORTS_MAC_DESIGNED_FOR_IPHONE_IPAD = NO;
				SUPPORTS_XR_DESIGNED_FOR_IPHONE_IPAD = NO;
				SWIFT_EMIT_LOC_STRINGS = YES;
				SWIFT_VERSION = 5.0;
				TARGETED_DEVICE_FAMILY = 1;
			};
			name = Debug;
		};
		886232322C7CBDDA00A1802D /* Release */ = {
			isa = XCBuildConfiguration;
			buildSettings = {
				ASSETCATALOG_COMPILER_APPICON_NAME = AppIcon;
				ASSETCATALOG_COMPILER_GLOBAL_ACCENT_COLOR_NAME = AccentColor;
				CODE_SIGN_STYLE = Automatic;
				CURRENT_PROJECT_VERSION = 1;
				DEVELOPMENT_ASSET_PATHS = "\"OOTD/Preview Content\"";
				DEVELOPMENT_TEAM = UYA338GXZR;
				ENABLE_PREVIEWS = YES;
				GENERATE_INFOPLIST_FILE = YES;
				INFOPLIST_FILE = OOTD/Info.plist;
				INFOPLIST_KEY_LSSupportsOpeningDocumentsInPlace = YES;
				INFOPLIST_KEY_UIApplicationSceneManifest_Generation = YES;
				INFOPLIST_KEY_UIApplicationSupportsIndirectInputEvents = YES;
				INFOPLIST_KEY_UILaunchScreen_Generation = YES;
				INFOPLIST_KEY_UISupportedInterfaceOrientations_iPad = "UIInterfaceOrientationPortrait UIInterfaceOrientationPortraitUpsideDown UIInterfaceOrientationLandscapeLeft UIInterfaceOrientationLandscapeRight";
				INFOPLIST_KEY_UISupportedInterfaceOrientations_iPhone = "UIInterfaceOrientationPortrait UIInterfaceOrientationLandscapeLeft UIInterfaceOrientationLandscapeRight";
				INFOPLIST_KEY_UIUserInterfaceStyle = Light;
				LD_RUNPATH_SEARCH_PATHS = (
					"$(inherited)",
					"@executable_path/Frameworks",
				);
				MARKETING_VERSION = 1.0;
				PRODUCT_BUNDLE_IDENTIFIER = com.hrsma2i.OOTD;
				PRODUCT_NAME = "$(TARGET_NAME)";
				SUPPORTED_PLATFORMS = "iphoneos iphonesimulator";
				SUPPORTS_MACCATALYST = NO;
				SUPPORTS_MAC_DESIGNED_FOR_IPHONE_IPAD = NO;
				SUPPORTS_XR_DESIGNED_FOR_IPHONE_IPAD = NO;
				SWIFT_EMIT_LOC_STRINGS = YES;
				SWIFT_VERSION = 5.0;
				TARGETED_DEVICE_FAMILY = 1;
			};
			name = Release;
		};
		886232342C7CBDDA00A1802D /* Debug */ = {
			isa = XCBuildConfiguration;
			buildSettings = {
				ALWAYS_EMBED_SWIFT_STANDARD_LIBRARIES = YES;
				BUNDLE_LOADER = "$(TEST_HOST)";
				CODE_SIGN_STYLE = Automatic;
				CURRENT_PROJECT_VERSION = 1;
				DEVELOPMENT_TEAM = UYA338GXZR;
				GENERATE_INFOPLIST_FILE = YES;
				IPHONEOS_DEPLOYMENT_TARGET = 17.4;
				MARKETING_VERSION = 1.0;
				PRODUCT_BUNDLE_IDENTIFIER = com.hrsma2i.OOTDTests;
				PRODUCT_NAME = "$(TARGET_NAME)";
				SWIFT_EMIT_LOC_STRINGS = NO;
				SWIFT_VERSION = 5.0;
				TARGETED_DEVICE_FAMILY = "1,2";
				TEST_HOST = "$(BUILT_PRODUCTS_DIR)/OOTD.app/$(BUNDLE_EXECUTABLE_FOLDER_PATH)/OOTD";
			};
			name = Debug;
		};
		886232352C7CBDDA00A1802D /* Release */ = {
			isa = XCBuildConfiguration;
			buildSettings = {
				ALWAYS_EMBED_SWIFT_STANDARD_LIBRARIES = YES;
				BUNDLE_LOADER = "$(TEST_HOST)";
				CODE_SIGN_STYLE = Automatic;
				CURRENT_PROJECT_VERSION = 1;
				DEVELOPMENT_TEAM = UYA338GXZR;
				GENERATE_INFOPLIST_FILE = YES;
				IPHONEOS_DEPLOYMENT_TARGET = 17.4;
				MARKETING_VERSION = 1.0;
				PRODUCT_BUNDLE_IDENTIFIER = com.hrsma2i.OOTDTests;
				PRODUCT_NAME = "$(TARGET_NAME)";
				SWIFT_EMIT_LOC_STRINGS = NO;
				SWIFT_VERSION = 5.0;
				TARGETED_DEVICE_FAMILY = "1,2";
				TEST_HOST = "$(BUILT_PRODUCTS_DIR)/OOTD.app/$(BUNDLE_EXECUTABLE_FOLDER_PATH)/OOTD";
			};
			name = Release;
		};
		886232372C7CBDDA00A1802D /* Debug */ = {
			isa = XCBuildConfiguration;
			buildSettings = {
				ALWAYS_EMBED_SWIFT_STANDARD_LIBRARIES = YES;
				CODE_SIGN_STYLE = Automatic;
				CURRENT_PROJECT_VERSION = 1;
				DEVELOPMENT_TEAM = UYA338GXZR;
				GENERATE_INFOPLIST_FILE = YES;
				MARKETING_VERSION = 1.0;
				PRODUCT_BUNDLE_IDENTIFIER = com.hrsma2i.OOTDUITests;
				PRODUCT_NAME = "$(TARGET_NAME)";
				SWIFT_EMIT_LOC_STRINGS = NO;
				SWIFT_VERSION = 5.0;
				TARGETED_DEVICE_FAMILY = "1,2";
				TEST_TARGET_NAME = OOTD;
			};
			name = Debug;
		};
		886232382C7CBDDA00A1802D /* Release */ = {
			isa = XCBuildConfiguration;
			buildSettings = {
				ALWAYS_EMBED_SWIFT_STANDARD_LIBRARIES = YES;
				CODE_SIGN_STYLE = Automatic;
				CURRENT_PROJECT_VERSION = 1;
				DEVELOPMENT_TEAM = UYA338GXZR;
				GENERATE_INFOPLIST_FILE = YES;
				MARKETING_VERSION = 1.0;
				PRODUCT_BUNDLE_IDENTIFIER = com.hrsma2i.OOTDUITests;
				PRODUCT_NAME = "$(TARGET_NAME)";
				SWIFT_EMIT_LOC_STRINGS = NO;
				SWIFT_VERSION = 5.0;
				TARGETED_DEVICE_FAMILY = "1,2";
				TEST_TARGET_NAME = OOTD;
			};
			name = Release;
		};
		88E3DC1B2CC686830006D201 /* Debug */ = {
			isa = XCBuildConfiguration;
			buildSettings = {
				CODE_SIGN_STYLE = Automatic;
				DEVELOPMENT_TEAM = UYA338GXZR;
				ENABLE_HARDENED_RUNTIME = YES;
				MACOSX_DEPLOYMENT_TARGET = 14.4;
				PRODUCT_NAME = "$(TARGET_NAME)";
				SDKROOT = macosx;
				SWIFT_VERSION = 5.0;
			};
			name = Debug;
		};
		88E3DC1C2CC686830006D201 /* Release */ = {
			isa = XCBuildConfiguration;
			buildSettings = {
				CODE_SIGN_STYLE = Automatic;
				DEVELOPMENT_TEAM = UYA338GXZR;
				ENABLE_HARDENED_RUNTIME = YES;
				MACOSX_DEPLOYMENT_TARGET = 14.4;
				PRODUCT_NAME = "$(TARGET_NAME)";
				SDKROOT = macosx;
				SWIFT_VERSION = 5.0;
			};
			name = Release;
		};
/* End XCBuildConfiguration section */

/* Begin XCConfigurationList section */
		886232072C7CBDD900A1802D /* Build configuration list for PBXProject "OOTD" */ = {
			isa = XCConfigurationList;
			buildConfigurations = (
				8862322E2C7CBDDA00A1802D /* Debug */,
				8862322F2C7CBDDA00A1802D /* Release */,
			);
			defaultConfigurationIsVisible = 0;
			defaultConfigurationName = Release;
		};
		886232302C7CBDDA00A1802D /* Build configuration list for PBXNativeTarget "OOTD" */ = {
			isa = XCConfigurationList;
			buildConfigurations = (
				886232312C7CBDDA00A1802D /* Debug */,
				886232322C7CBDDA00A1802D /* Release */,
			);
			defaultConfigurationIsVisible = 0;
			defaultConfigurationName = Release;
		};
		886232332C7CBDDA00A1802D /* Build configuration list for PBXNativeTarget "OOTDTests" */ = {
			isa = XCConfigurationList;
			buildConfigurations = (
				886232342C7CBDDA00A1802D /* Debug */,
				886232352C7CBDDA00A1802D /* Release */,
			);
			defaultConfigurationIsVisible = 0;
			defaultConfigurationName = Release;
		};
		886232362C7CBDDA00A1802D /* Build configuration list for PBXNativeTarget "OOTDUITests" */ = {
			isa = XCConfigurationList;
			buildConfigurations = (
				886232372C7CBDDA00A1802D /* Debug */,
				886232382C7CBDDA00A1802D /* Release */,
			);
			defaultConfigurationIsVisible = 0;
			defaultConfigurationName = Release;
		};
		88E3DC1A2CC686830006D201 /* Build configuration list for PBXNativeTarget "updateSwiftDataSchema" */ = {
			isa = XCConfigurationList;
			buildConfigurations = (
				88E3DC1B2CC686830006D201 /* Debug */,
				88E3DC1C2CC686830006D201 /* Release */,
			);
			defaultConfigurationIsVisible = 0;
			defaultConfigurationName = Release;
		};
/* End XCConfigurationList section */

/* Begin XCRemoteSwiftPackageReference section */
		883B54432C8DD547007DB1E8 /* XCRemoteSwiftPackageReference "Brightroom" */ = {
			isa = XCRemoteSwiftPackageReference;
			repositoryURL = "https://github.com/FluidGroup/Brightroom.git";
			requirement = {
				kind = upToNextMajorVersion;
				minimumVersion = 2.10.1;
			};
		};
		886232752C7CC6CD00A1802D /* XCRemoteSwiftPackageReference "swiftui-cached-async-image" */ = {
			isa = XCRemoteSwiftPackageReference;
			repositoryURL = "https://github.com/lorenzofiamingo/swiftui-cached-async-image";
			requirement = {
				kind = upToNextMajorVersion;
				minimumVersion = 2.1.1;
			};
		};
		88B8B7C12CE2417500131843 /* XCRemoteSwiftPackageReference "swift-package-manager-google-mobile-ads" */ = {
			isa = XCRemoteSwiftPackageReference;
			repositoryURL = "https://github.com/googleads/swift-package-manager-google-mobile-ads.git";
			requirement = {
				kind = upToNextMajorVersion;
				minimumVersion = 11.12.0;
			};
		};
		88C00C3C2CAD7DF9007D83FF /* XCRemoteSwiftPackageReference "ACarousel" */ = {
			isa = XCRemoteSwiftPackageReference;
			repositoryURL = "https://github.com/JWAutumn/ACarousel";
			requirement = {
				kind = upToNextMajorVersion;
				minimumVersion = 0.2.0;
			};
		};
		88CD55A52C8755E700A9B78A /* XCRemoteSwiftPackageReference "SwiftSoup" */ = {
			isa = XCRemoteSwiftPackageReference;
			repositoryURL = "https://github.com/scinfu/SwiftSoup";
			requirement = {
				kind = upToNextMajorVersion;
				minimumVersion = 2.7.5;
			};
		};
/* End XCRemoteSwiftPackageReference section */

/* Begin XCSwiftPackageProductDependency section */
		883B54442C8DD547007DB1E8 /* BrightroomEngine */ = {
			isa = XCSwiftPackageProductDependency;
			package = 883B54432C8DD547007DB1E8 /* XCRemoteSwiftPackageReference "Brightroom" */;
			productName = BrightroomEngine;
		};
		883B54462C8DD547007DB1E8 /* BrightroomUI */ = {
			isa = XCSwiftPackageProductDependency;
			package = 883B54432C8DD547007DB1E8 /* XCRemoteSwiftPackageReference "Brightroom" */;
			productName = BrightroomUI;
		};
		886232762C7CC6CD00A1802D /* CachedAsyncImage */ = {
			isa = XCSwiftPackageProductDependency;
			package = 886232752C7CC6CD00A1802D /* XCRemoteSwiftPackageReference "swiftui-cached-async-image" */;
			productName = CachedAsyncImage;
		};
		88B8B7C22CE2417500131843 /* GoogleMobileAds */ = {
			isa = XCSwiftPackageProductDependency;
			package = 88B8B7C12CE2417500131843 /* XCRemoteSwiftPackageReference "swift-package-manager-google-mobile-ads" */;
			productName = GoogleMobileAds;
		};
		88C00C3D2CAD7DF9007D83FF /* ACarousel */ = {
			isa = XCSwiftPackageProductDependency;
			package = 88C00C3C2CAD7DF9007D83FF /* XCRemoteSwiftPackageReference "ACarousel" */;
			productName = ACarousel;
		};
		88CD55A62C8755E700A9B78A /* SwiftSoup */ = {
			isa = XCSwiftPackageProductDependency;
			package = 88CD55A52C8755E700A9B78A /* XCRemoteSwiftPackageReference "SwiftSoup" */;
			productName = SwiftSoup;
		};
/* End XCSwiftPackageProductDependency section */
	};
	rootObject = 886232042C7CBDD900A1802D /* Project object */;
}
